
Microsoft Visual Studio Solution File, Format Version 12.00
# Visual Studio Version 16
VisualStudioVersion = 16.0.31515.178
MinimumVisualStudioVersion = 10.0.40219.1
Project("{8BC9CEB8-8B4A-11D0-8D11-00A0C91BC942}") = "01.教学演示录制", "01.教学演示录制\01.教学演示录制.vcxproj", "{B075046D-FB3B-4CDE-9FF7-EEA46359B2E7}"
EndProject
Project("{8BC9CEB8-8B4A-11D0-8D11-00A0C91BC942}") = "代码1-1", "代码1-1\代码1-1.vcxproj", "{4A88614B-21B2-4AFC-9E5B-06A89297CBE1}"
EndProject
Project("{8BC9CEB8-8B4A-11D0-8D11-00A0C91BC942}") = "练习1-1", "练习1-1\练习1-1.vcxproj", "{A191F233-BEE0-4057-B21A-BE15CAB62C23}"
EndProject
Project("{8BC9CEB8-8B4A-11D0-8D11-00A0C91BC942}") = "练习1-2", "练习1-2\练习1-2.vcxproj", "{C28AD6E5-96A6-42B4-8B3F-90C7D78603E7}"
EndProject
Project("{8BC9CEB8-8B4A-11D0-8D11-00A0C91BC942}") = "练习1-3", "练习1-3\练习1-3.vcxproj", "{BC473B8D-2C5B-42C8-BD92-5C4895891F94}"
EndProject
Project("{8BC9CEB8-8B4A-11D0-8D11-00A0C91BC942}") = "练习1-4", "练习1-4\练习1-4.vcxproj", "{6FF9F0B4-21BF-4C71-9DEF-04E3A365A402}"
EndProject
Project("{8BC9CEB8-8B4A-11D0-8D11-00A0C91BC942}") = "练习1-5", "练习1-5\练习1-5.vcxproj", "{93F9C9A5-FD4D-471D-A8A5-9268CC7CAAB0}"
EndProject
Project("{8BC9CEB8-8B4A-11D0-8D11-00A0C91BC942}") = "练习1-6", "练习1-6\练习1-6.vcxproj", "{95A52B8D-0186-4F9E-8BCA-BFDAB16E394F}"
EndProject
Project("{8BC9CEB8-8B4A-11D0-8D11-00A0C91BC942}") = "练习1-7", "练习1-7\练习1-7.vcxproj", "{EEE5BC95-5FA7-416F-AAA5-62D0109FDCDE}"
EndProject
Project("{8BC9CEB8-8B4A-11D0-8D11-00A0C91BC942}") = "练习1-8", "练习1-8\练习1-8.vcxproj", "{D6B53D6E-2B0A-4543-86CB-20B5853B2595}"
EndProject
Project("{8BC9CEB8-8B4A-11D0-8D11-00A0C91BC942}") = "练习1-9", "练习1-9\练习1-9.vcxproj", "{1029D507-F401-45A1-BD43-F46D83104086}"
EndProject
Project("{8BC9CEB8-8B4A-11D0-8D11-00A0C91BC942}") = "练习2-1", "练习2-1\练习2-1.vcxproj", "{E2413D26-0343-4046-8716-70943F7FFE42}"
EndProject
Project("{8BC9CEB8-8B4A-11D0-8D11-00A0C91BC942}") = "练习2-2", "练习2-2\练习2-2.vcxproj", "{7BF49170-84D5-4ABE-95AB-3A728303EAD5}"
EndProject
Project("{8BC9CEB8-8B4A-11D0-8D11-00A0C91BC942}") = "练习2-3", "练习2-3\练习2-3.vcxproj", "{B7CDB4FC-CBB3-4C14-871C-4F103AD0E790}"
EndProject
Project("{8BC9CEB8-8B4A-11D0-8D11-00A0C91BC942}") = "练习2-4", "练习2-4\练习2-4.vcxproj", "{9228BA3C-5DFF-4C7B-BE0B-800B59FEBAF4}"
EndProject
Project("{8BC9CEB8-8B4A-11D0-8D11-00A0C91BC942}") = "练习2-5", "练习2-5\练习2-5.vcxproj", "{5A62FE07-3A4F-472F-99E8-A08EE0CB2637}"
EndProject
Project("{8BC9CEB8-8B4A-11D0-8D11-00A0C91BC942}") = "练习2-6", "练习2-6\练习2-6.vcxproj", "{3914CF26-AC53-4424-BD0E-7BDC36C616C7}"
EndProject
Project("{8BC9CEB8-8B4A-11D0-8D11-00A0C91BC942}") = "清单1-1", "清单1-1\清单1-1.vcxproj", "{71D40664-3DF7-4DE6-8F27-59C8DAEA9DFC}"
EndProject
Project("{8BC9CEB8-8B4A-11D0-8D11-00A0C91BC942}") = "清单1-2", "清单1-2\清单1-2.vcxproj", "{85F2D8A4-3FEB-463A-A3D2-7A4CFBE00DBD}"
EndProject
Project("{8BC9CEB8-8B4A-11D0-8D11-00A0C91BC942}") = "清单1-3", "清单1-3\清单1-3.vcxproj", "{1F5BF5C4-7793-4099-BF1D-08772B20E838}"
EndProject
Project("{8BC9CEB8-8B4A-11D0-8D11-00A0C91BC942}") = "清单1-4", "清单1-4\清单1-4.vcxproj", "{4A14A0AC-DCCD-4FBD-811E-5D59E93B1026}"
EndProject
Project("{8BC9CEB8-8B4A-11D0-8D11-00A0C91BC942}") = "清单1-5", "清单1-5\清单1-5.vcxproj", "{2EA44406-BA20-4B5B-A9BD-7945F7576C8A}"
EndProject
Project("{8BC9CEB8-8B4A-11D0-8D11-00A0C91BC942}") = "清单1-6", "清单1-6\清单1-6.vcxproj", "{D572D493-FDCE-4BB6-A625-C22A73D959CE}"
EndProject
Project("{8BC9CEB8-8B4A-11D0-8D11-00A0C91BC942}") = "清单1-7", "清单1-7\清单1-7.vcxproj", "{A186CCE1-7579-428B-8A00-D020F8609EF4}"
EndProject
Project("{8BC9CEB8-8B4A-11D0-8D11-00A0C91BC942}") = "清单1-8", "清单1-8\清单1-8.vcxproj", "{D0993240-F8C6-46A6-952C-C98DF7E4AB20}"
EndProject
Project("{8BC9CEB8-8B4A-11D0-8D11-00A0C91BC942}") = "清单1-9", "清单1-9\清单1-9.vcxproj", "{207C6175-B42F-4279-8874-F0045AAD891A}"
EndProject
Project("{8BC9CEB8-8B4A-11D0-8D11-00A0C91BC942}") = "清单1-10", "清单1-10\清单1-10.vcxproj", "{BEC270FE-1EEC-4B62-B922-1DFA6FADB2E3}"
EndProject
Project("{8BC9CEB8-8B4A-11D0-8D11-00A0C91BC942}") = "清单1-11", "清单1-11\清单1-11.vcxproj", "{1B613F24-46A5-4E7A-8A1C-22C468BC38AD}"
EndProject
Project("{8BC9CEB8-8B4A-11D0-8D11-00A0C91BC942}") = "清单1-12", "清单1-12\清单1-12.vcxproj", "{C18173CD-A8D3-4AD2-BD64-9F6021A146AF}"
EndProject
Project("{8BC9CEB8-8B4A-11D0-8D11-00A0C91BC942}") = "清单1-13", "清单1-13\清单1-13.vcxproj", "{7F3D898E-DEE9-4695-9D23-ABA5B4F9A867}"
EndProject
Project("{8BC9CEB8-8B4A-11D0-8D11-00A0C91BC942}") = "清单1-14", "清单1-14\清单1-14.vcxproj", "{80CDFDF8-FF56-46BE-98E0-783211ED0B0A}"
EndProject
Project("{8BC9CEB8-8B4A-11D0-8D11-00A0C91BC942}") = "清单2-1", "清单2-1\清单2-1.vcxproj", "{769741EC-7205-41D0-84DD-C6936C274156}"
EndProject
Project("{8BC9CEB8-8B4A-11D0-8D11-00A0C91BC942}") = "清单2-2", "清单2-2\清单2-2.vcxproj", "{ADFA2623-C5CD-437D-9B68-C6C9DCF00A79}"
EndProject
Project("{8BC9CEB8-8B4A-11D0-8D11-00A0C91BC942}") = "清单2-3", "清单2-3\清单2-3.vcxproj", "{E1A8FBCE-A301-41A9-8554-13BE6C553E1A}"
EndProject
Project("{8BC9CEB8-8B4A-11D0-8D11-00A0C91BC942}") = "清单2-4", "清单2-4\清单2-4.vcxproj", "{E334A01E-18C5-47AA-8CFE-D23767B6D84F}"
EndProject
Project("{8BC9CEB8-8B4A-11D0-8D11-00A0C91BC942}") = "清单2-5", "清单2-5\清单2-5.vcxproj", "{F4128546-39E5-4A1A-A028-883548301E37}"
EndProject
Project("{8BC9CEB8-8B4A-11D0-8D11-00A0C91BC942}") = "清单2-6", "清单2-6\清单2-6.vcxproj", "{081AA803-3126-44C9-BA99-BBEBD35A2123}"
EndProject
Project("{8BC9CEB8-8B4A-11D0-8D11-00A0C91BC942}") = "清单2-7", "清单2-7\清单2-7.vcxproj", "{C60AA3B8-2C30-43FA-BBD0-51217DE29421}"
EndProject
Project("{8BC9CEB8-8B4A-11D0-8D11-00A0C91BC942}") = "清单2-8", "清单2-8\清单2-8.vcxproj", "{274701E9-CF4B-4B14-B9F5-9006A77FB001}"
EndProject
Project("{8BC9CEB8-8B4A-11D0-8D11-00A0C91BC942}") = "清单2-9", "清单2-9\清单2-9.vcxproj", "{0F6F385B-003A-447D-98A0-C9793FA02240}"
EndProject
Project("{8BC9CEB8-8B4A-11D0-8D11-00A0C91BC942}") = "清单2-10", "清单2-10\清单2-10.vcxproj", "{2DFD3C47-0E05-441E-A278-C408963ABE33}"
EndProject
Project("{8BC9CEB8-8B4A-11D0-8D11-00A0C91BC942}") = "清单2-11", "清单2-11\清单2-11.vcxproj", "{5101CF33-4E28-490B-BA0F-880414466E59}"
EndProject
Project("{8BC9CEB8-8B4A-11D0-8D11-00A0C91BC942}") = "清单2-12", "清单2-12\清单2-12.vcxproj", "{FFDEC6ED-5E9D-4F25-9E18-4FC5408C6452}"
EndProject
Project("{8BC9CEB8-8B4A-11D0-8D11-00A0C91BC942}") = "清单3-1", "清单3-1\清单3-1.vcxproj", "{8B526387-3065-410D-BDD1-46A5989D0E4F}"
EndProject
Project("{8BC9CEB8-8B4A-11D0-8D11-00A0C91BC942}") = "清单3-2", "清单3-2\清单3-2.vcxproj", "{8F4C1A4A-136E-460A-B916-F106BE339F91}"
EndProject
Project("{8BC9CEB8-8B4A-11D0-8D11-00A0C91BC942}") = "清单3-3", "清单3-3\清单3-3.vcxproj", "{D81B075B-5A38-4A65-AFF4-8B25B39E573C}"
EndProject
Project("{8BC9CEB8-8B4A-11D0-8D11-00A0C91BC942}") = "清单3-4", "清单3-4\清单3-4.vcxproj", "{52C559DC-C31B-4CCF-905E-05D3E590D2E9}"
EndProject
Project("{8BC9CEB8-8B4A-11D0-8D11-00A0C91BC942}") = "练习3-1", "练习3-1\练习3-1.vcxproj", "{99F2C2F2-41CB-49B8-852C-A3B166ABC7C3}"
EndProject
Project("{8BC9CEB8-8B4A-11D0-8D11-00A0C91BC942}") = "清单3-5", "清单3-5\清单3-5.vcxproj", "{8EC898DB-8781-4ADD-8A0A-5F2B7FD97FBE}"
EndProject
Project("{8BC9CEB8-8B4A-11D0-8D11-00A0C91BC942}") = "清单3-6", "清单3-6\清单3-6.vcxproj", "{D3E1E30E-1553-47D7-AE59-B4DA63EC5C19}"
EndProject
Project("{8BC9CEB8-8B4A-11D0-8D11-00A0C91BC942}") = "清单3-7", "清单3-7\清单3-7.vcxproj", "{D7208FB3-3936-4814-94AC-F32137DD3557}"
EndProject
Project("{8BC9CEB8-8B4A-11D0-8D11-00A0C91BC942}") = "清单3-8", "清单3-8\清单3-8.vcxproj", "{8ACAD6FD-0DBC-4845-A81B-0538995EF0E5}"
EndProject
Project("{8BC9CEB8-8B4A-11D0-8D11-00A0C91BC942}") = "清单3-9", "清单3-9\清单3-9.vcxproj", "{8C66F9CF-1188-411E-BB47-DE05275D76F2}"
EndProject
Project("{8BC9CEB8-8B4A-11D0-8D11-00A0C91BC942}") = "练习3-2", "练习3-2\练习3-2.vcxproj", "{85FC6A29-4B72-4400-AF36-BD9B3152B110}"
EndProject
Project("{8BC9CEB8-8B4A-11D0-8D11-00A0C91BC942}") = "练习3-3", "练习3-3\练习3-3.vcxproj", "{79DD304B-FA2C-4734-8A7A-09F8F4AAC866}"
EndProject
Project("{8BC9CEB8-8B4A-11D0-8D11-00A0C91BC942}") = "练习3-4", "练习3-4\练习3-4.vcxproj", "{E88BF13A-4FBB-4DE6-BF34-BA527FC8A210}"
EndProject
Project("{8BC9CEB8-8B4A-11D0-8D11-00A0C91BC942}") = "清单3-10", "清单3-10\清单3-10.vcxproj", "{0D053691-B9E9-4558-A936-C3595C697FB6}"
EndProject
Project("{8BC9CEB8-8B4A-11D0-8D11-00A0C91BC942}") = "清单3-11", "清单3-11\清单3-11.vcxproj", "{090A9D6A-0757-4F73-BA12-F080E21921C8}"
EndProject
Project("{8BC9CEB8-8B4A-11D0-8D11-00A0C91BC942}") = "清单3-12", "清单3-12\清单3-12.vcxproj", "{48930F88-1647-4EDF-9645-070AE50D08A9}"
EndProject
Project("{8BC9CEB8-8B4A-11D0-8D11-00A0C91BC942}") = "清单3-13", "清单3-13\清单3-13.vcxproj", "{0780E80E-EB3D-4B3C-B1B4-1A327ABEF9A6}"
EndProject
Project("{8BC9CEB8-8B4A-11D0-8D11-00A0C91BC942}") = "练习3-5", "练习3-5\练习3-5.vcxproj", "{6CEC4FBA-A0C1-4338-AF6B-FAB53FCC7AED}"
EndProject
Project("{8BC9CEB8-8B4A-11D0-8D11-00A0C91BC942}") = "清单3-14", "清单3-14\清单3-14.vcxproj", "{10F88CFA-1028-484A-A1A6-59923595E4C7}"
EndProject
Project("{8BC9CEB8-8B4A-11D0-8D11-00A0C91BC942}") = "清单3-15", "清单3-15\清单3-15.vcxproj", "{CD7AC9EB-473A-47C2-AD37-4D648B4592B1}"
EndProject
Project("{8BC9CEB8-8B4A-11D0-8D11-00A0C91BC942}") = "清单3-16", "清单3-16\清单3-16.vcxproj", "{9C5084A1-37E3-4140-96AB-9D079E0289B6}"
EndProject
Project("{8BC9CEB8-8B4A-11D0-8D11-00A0C91BC942}") = "练习3-7", "练习3-7\练习3-7.vcxproj", "{95796925-C567-4768-BF73-EAFF034B116A}"
EndProject
Project("{8BC9CEB8-8B4A-11D0-8D11-00A0C91BC942}") = "练习3-6", "练习3-6\练习3-6.vcxproj", "{70ECE748-9490-4233-BC90-6BA04FE78D8A}"
EndProject
Project("{8BC9CEB8-8B4A-11D0-8D11-00A0C91BC942}") = "练习3-8", "练习3-8\练习3-8.vcxproj", "{E507272A-2930-4BC5-AF1E-04B127029347}"
EndProject
Project("{8BC9CEB8-8B4A-11D0-8D11-00A0C91BC942}") = "练习3-9", "练习3-9\练习3-9.vcxproj", "{3ACD4AA1-F9A4-4E6C-90FB-A25FBF2962BA}"
EndProject
Project("{8BC9CEB8-8B4A-11D0-8D11-00A0C91BC942}") = "清单3-17", "清单3-17\清单3-17.vcxproj", "{44AD388C-D9AA-47A7-AE1F-8660664FB3E4}"
EndProject
Project("{8BC9CEB8-8B4A-11D0-8D11-00A0C91BC942}") = "清单3-18", "清单3-18\清单3-18.vcxproj", "{17BF2369-34E5-4C5B-846F-D6906C7A856B}"
EndProject
Project("{8BC9CEB8-8B4A-11D0-8D11-00A0C91BC942}") = "清单3-19", "清单3-19\清单3-19.vcxproj", "{80544BD0-5D00-48C9-8759-A2000169B8FD}"
EndProject
Global
	GlobalSection(SolutionConfigurationPlatforms) = preSolution
		Debug|x64 = Debug|x64
		Debug|x86 = Debug|x86
		Release|x64 = Release|x64
		Release|x86 = Release|x86
	EndGlobalSection
	GlobalSection(ProjectConfigurationPlatforms) = postSolution
		{B075046D-FB3B-4CDE-9FF7-EEA46359B2E7}.Debug|x64.ActiveCfg = Debug|x64
		{B075046D-FB3B-4CDE-9FF7-EEA46359B2E7}.Debug|x64.Build.0 = Debug|x64
		{B075046D-FB3B-4CDE-9FF7-EEA46359B2E7}.Debug|x86.ActiveCfg = Debug|Win32
		{B075046D-FB3B-4CDE-9FF7-EEA46359B2E7}.Debug|x86.Build.0 = Debug|Win32
		{B075046D-FB3B-4CDE-9FF7-EEA46359B2E7}.Release|x64.ActiveCfg = Release|x64
		{B075046D-FB3B-4CDE-9FF7-EEA46359B2E7}.Release|x64.Build.0 = Release|x64
		{B075046D-FB3B-4CDE-9FF7-EEA46359B2E7}.Release|x86.ActiveCfg = Release|Win32
		{B075046D-FB3B-4CDE-9FF7-EEA46359B2E7}.Release|x86.Build.0 = Release|Win32
		{4A88614B-21B2-4AFC-9E5B-06A89297CBE1}.Debug|x64.ActiveCfg = Debug|x64
		{4A88614B-21B2-4AFC-9E5B-06A89297CBE1}.Debug|x64.Build.0 = Debug|x64
		{4A88614B-21B2-4AFC-9E5B-06A89297CBE1}.Debug|x86.ActiveCfg = Debug|Win32
		{4A88614B-21B2-4AFC-9E5B-06A89297CBE1}.Debug|x86.Build.0 = Debug|Win32
		{4A88614B-21B2-4AFC-9E5B-06A89297CBE1}.Release|x64.ActiveCfg = Release|x64
		{4A88614B-21B2-4AFC-9E5B-06A89297CBE1}.Release|x64.Build.0 = Release|x64
		{4A88614B-21B2-4AFC-9E5B-06A89297CBE1}.Release|x86.ActiveCfg = Release|Win32
		{4A88614B-21B2-4AFC-9E5B-06A89297CBE1}.Release|x86.Build.0 = Release|Win32
		{A191F233-BEE0-4057-B21A-BE15CAB62C23}.Debug|x64.ActiveCfg = Debug|x64
		{A191F233-BEE0-4057-B21A-BE15CAB62C23}.Debug|x64.Build.0 = Debug|x64
		{A191F233-BEE0-4057-B21A-BE15CAB62C23}.Debug|x86.ActiveCfg = Debug|Win32
		{A191F233-BEE0-4057-B21A-BE15CAB62C23}.Debug|x86.Build.0 = Debug|Win32
		{A191F233-BEE0-4057-B21A-BE15CAB62C23}.Release|x64.ActiveCfg = Release|x64
		{A191F233-BEE0-4057-B21A-BE15CAB62C23}.Release|x64.Build.0 = Release|x64
		{A191F233-BEE0-4057-B21A-BE15CAB62C23}.Release|x86.ActiveCfg = Release|Win32
		{A191F233-BEE0-4057-B21A-BE15CAB62C23}.Release|x86.Build.0 = Release|Win32
		{C28AD6E5-96A6-42B4-8B3F-90C7D78603E7}.Debug|x64.ActiveCfg = Debug|x64
		{C28AD6E5-96A6-42B4-8B3F-90C7D78603E7}.Debug|x64.Build.0 = Debug|x64
		{C28AD6E5-96A6-42B4-8B3F-90C7D78603E7}.Debug|x86.ActiveCfg = Debug|Win32
		{C28AD6E5-96A6-42B4-8B3F-90C7D78603E7}.Debug|x86.Build.0 = Debug|Win32
		{C28AD6E5-96A6-42B4-8B3F-90C7D78603E7}.Release|x64.ActiveCfg = Release|x64
		{C28AD6E5-96A6-42B4-8B3F-90C7D78603E7}.Release|x64.Build.0 = Release|x64
		{C28AD6E5-96A6-42B4-8B3F-90C7D78603E7}.Release|x86.ActiveCfg = Release|Win32
		{C28AD6E5-96A6-42B4-8B3F-90C7D78603E7}.Release|x86.Build.0 = Release|Win32
		{BC473B8D-2C5B-42C8-BD92-5C4895891F94}.Debug|x64.ActiveCfg = Debug|x64
		{BC473B8D-2C5B-42C8-BD92-5C4895891F94}.Debug|x64.Build.0 = Debug|x64
		{BC473B8D-2C5B-42C8-BD92-5C4895891F94}.Debug|x86.ActiveCfg = Debug|Win32
		{BC473B8D-2C5B-42C8-BD92-5C4895891F94}.Debug|x86.Build.0 = Debug|Win32
		{BC473B8D-2C5B-42C8-BD92-5C4895891F94}.Release|x64.ActiveCfg = Release|x64
		{BC473B8D-2C5B-42C8-BD92-5C4895891F94}.Release|x64.Build.0 = Release|x64
		{BC473B8D-2C5B-42C8-BD92-5C4895891F94}.Release|x86.ActiveCfg = Release|Win32
		{BC473B8D-2C5B-42C8-BD92-5C4895891F94}.Release|x86.Build.0 = Release|Win32
		{6FF9F0B4-21BF-4C71-9DEF-04E3A365A402}.Debug|x64.ActiveCfg = Debug|x64
		{6FF9F0B4-21BF-4C71-9DEF-04E3A365A402}.Debug|x64.Build.0 = Debug|x64
		{6FF9F0B4-21BF-4C71-9DEF-04E3A365A402}.Debug|x86.ActiveCfg = Debug|Win32
		{6FF9F0B4-21BF-4C71-9DEF-04E3A365A402}.Debug|x86.Build.0 = Debug|Win32
		{6FF9F0B4-21BF-4C71-9DEF-04E3A365A402}.Release|x64.ActiveCfg = Release|x64
		{6FF9F0B4-21BF-4C71-9DEF-04E3A365A402}.Release|x64.Build.0 = Release|x64
		{6FF9F0B4-21BF-4C71-9DEF-04E3A365A402}.Release|x86.ActiveCfg = Release|Win32
		{6FF9F0B4-21BF-4C71-9DEF-04E3A365A402}.Release|x86.Build.0 = Release|Win32
		{93F9C9A5-FD4D-471D-A8A5-9268CC7CAAB0}.Debug|x64.ActiveCfg = Debug|x64
		{93F9C9A5-FD4D-471D-A8A5-9268CC7CAAB0}.Debug|x64.Build.0 = Debug|x64
		{93F9C9A5-FD4D-471D-A8A5-9268CC7CAAB0}.Debug|x86.ActiveCfg = Debug|Win32
		{93F9C9A5-FD4D-471D-A8A5-9268CC7CAAB0}.Debug|x86.Build.0 = Debug|Win32
		{93F9C9A5-FD4D-471D-A8A5-9268CC7CAAB0}.Release|x64.ActiveCfg = Release|x64
		{93F9C9A5-FD4D-471D-A8A5-9268CC7CAAB0}.Release|x64.Build.0 = Release|x64
		{93F9C9A5-FD4D-471D-A8A5-9268CC7CAAB0}.Release|x86.ActiveCfg = Release|Win32
		{93F9C9A5-FD4D-471D-A8A5-9268CC7CAAB0}.Release|x86.Build.0 = Release|Win32
		{95A52B8D-0186-4F9E-8BCA-BFDAB16E394F}.Debug|x64.ActiveCfg = Debug|x64
		{95A52B8D-0186-4F9E-8BCA-BFDAB16E394F}.Debug|x64.Build.0 = Debug|x64
		{95A52B8D-0186-4F9E-8BCA-BFDAB16E394F}.Debug|x86.ActiveCfg = Debug|Win32
		{95A52B8D-0186-4F9E-8BCA-BFDAB16E394F}.Debug|x86.Build.0 = Debug|Win32
		{95A52B8D-0186-4F9E-8BCA-BFDAB16E394F}.Release|x64.ActiveCfg = Release|x64
		{95A52B8D-0186-4F9E-8BCA-BFDAB16E394F}.Release|x64.Build.0 = Release|x64
		{95A52B8D-0186-4F9E-8BCA-BFDAB16E394F}.Release|x86.ActiveCfg = Release|Win32
		{95A52B8D-0186-4F9E-8BCA-BFDAB16E394F}.Release|x86.Build.0 = Release|Win32
		{EEE5BC95-5FA7-416F-AAA5-62D0109FDCDE}.Debug|x64.ActiveCfg = Debug|x64
		{EEE5BC95-5FA7-416F-AAA5-62D0109FDCDE}.Debug|x64.Build.0 = Debug|x64
		{EEE5BC95-5FA7-416F-AAA5-62D0109FDCDE}.Debug|x86.ActiveCfg = Debug|Win32
		{EEE5BC95-5FA7-416F-AAA5-62D0109FDCDE}.Debug|x86.Build.0 = Debug|Win32
		{EEE5BC95-5FA7-416F-AAA5-62D0109FDCDE}.Release|x64.ActiveCfg = Release|x64
		{EEE5BC95-5FA7-416F-AAA5-62D0109FDCDE}.Release|x64.Build.0 = Release|x64
		{EEE5BC95-5FA7-416F-AAA5-62D0109FDCDE}.Release|x86.ActiveCfg = Release|Win32
		{EEE5BC95-5FA7-416F-AAA5-62D0109FDCDE}.Release|x86.Build.0 = Release|Win32
		{D6B53D6E-2B0A-4543-86CB-20B5853B2595}.Debug|x64.ActiveCfg = Debug|x64
		{D6B53D6E-2B0A-4543-86CB-20B5853B2595}.Debug|x64.Build.0 = Debug|x64
		{D6B53D6E-2B0A-4543-86CB-20B5853B2595}.Debug|x86.ActiveCfg = Debug|Win32
		{D6B53D6E-2B0A-4543-86CB-20B5853B2595}.Debug|x86.Build.0 = Debug|Win32
		{D6B53D6E-2B0A-4543-86CB-20B5853B2595}.Release|x64.ActiveCfg = Release|x64
		{D6B53D6E-2B0A-4543-86CB-20B5853B2595}.Release|x64.Build.0 = Release|x64
		{D6B53D6E-2B0A-4543-86CB-20B5853B2595}.Release|x86.ActiveCfg = Release|Win32
		{D6B53D6E-2B0A-4543-86CB-20B5853B2595}.Release|x86.Build.0 = Release|Win32
		{1029D507-F401-45A1-BD43-F46D83104086}.Debug|x64.ActiveCfg = Debug|x64
		{1029D507-F401-45A1-BD43-F46D83104086}.Debug|x64.Build.0 = Debug|x64
		{1029D507-F401-45A1-BD43-F46D83104086}.Debug|x86.ActiveCfg = Debug|Win32
		{1029D507-F401-45A1-BD43-F46D83104086}.Debug|x86.Build.0 = Debug|Win32
		{1029D507-F401-45A1-BD43-F46D83104086}.Release|x64.ActiveCfg = Release|x64
		{1029D507-F401-45A1-BD43-F46D83104086}.Release|x64.Build.0 = Release|x64
		{1029D507-F401-45A1-BD43-F46D83104086}.Release|x86.ActiveCfg = Release|Win32
		{1029D507-F401-45A1-BD43-F46D83104086}.Release|x86.Build.0 = Release|Win32
		{E2413D26-0343-4046-8716-70943F7FFE42}.Debug|x64.ActiveCfg = Debug|x64
		{E2413D26-0343-4046-8716-70943F7FFE42}.Debug|x64.Build.0 = Debug|x64
		{E2413D26-0343-4046-8716-70943F7FFE42}.Debug|x86.ActiveCfg = Debug|Win32
		{E2413D26-0343-4046-8716-70943F7FFE42}.Debug|x86.Build.0 = Debug|Win32
		{E2413D26-0343-4046-8716-70943F7FFE42}.Release|x64.ActiveCfg = Release|x64
		{E2413D26-0343-4046-8716-70943F7FFE42}.Release|x64.Build.0 = Release|x64
		{E2413D26-0343-4046-8716-70943F7FFE42}.Release|x86.ActiveCfg = Release|Win32
		{E2413D26-0343-4046-8716-70943F7FFE42}.Release|x86.Build.0 = Release|Win32
		{7BF49170-84D5-4ABE-95AB-3A728303EAD5}.Debug|x64.ActiveCfg = Debug|x64
		{7BF49170-84D5-4ABE-95AB-3A728303EAD5}.Debug|x64.Build.0 = Debug|x64
		{7BF49170-84D5-4ABE-95AB-3A728303EAD5}.Debug|x86.ActiveCfg = Debug|Win32
		{7BF49170-84D5-4ABE-95AB-3A728303EAD5}.Debug|x86.Build.0 = Debug|Win32
		{7BF49170-84D5-4ABE-95AB-3A728303EAD5}.Release|x64.ActiveCfg = Release|x64
		{7BF49170-84D5-4ABE-95AB-3A728303EAD5}.Release|x64.Build.0 = Release|x64
		{7BF49170-84D5-4ABE-95AB-3A728303EAD5}.Release|x86.ActiveCfg = Release|Win32
		{7BF49170-84D5-4ABE-95AB-3A728303EAD5}.Release|x86.Build.0 = Release|Win32
		{B7CDB4FC-CBB3-4C14-871C-4F103AD0E790}.Debug|x64.ActiveCfg = Debug|x64
		{B7CDB4FC-CBB3-4C14-871C-4F103AD0E790}.Debug|x64.Build.0 = Debug|x64
		{B7CDB4FC-CBB3-4C14-871C-4F103AD0E790}.Debug|x86.ActiveCfg = Debug|Win32
		{B7CDB4FC-CBB3-4C14-871C-4F103AD0E790}.Debug|x86.Build.0 = Debug|Win32
		{B7CDB4FC-CBB3-4C14-871C-4F103AD0E790}.Release|x64.ActiveCfg = Release|x64
		{B7CDB4FC-CBB3-4C14-871C-4F103AD0E790}.Release|x64.Build.0 = Release|x64
		{B7CDB4FC-CBB3-4C14-871C-4F103AD0E790}.Release|x86.ActiveCfg = Release|Win32
		{B7CDB4FC-CBB3-4C14-871C-4F103AD0E790}.Release|x86.Build.0 = Release|Win32
		{9228BA3C-5DFF-4C7B-BE0B-800B59FEBAF4}.Debug|x64.ActiveCfg = Debug|x64
		{9228BA3C-5DFF-4C7B-BE0B-800B59FEBAF4}.Debug|x64.Build.0 = Debug|x64
		{9228BA3C-5DFF-4C7B-BE0B-800B59FEBAF4}.Debug|x86.ActiveCfg = Debug|Win32
		{9228BA3C-5DFF-4C7B-BE0B-800B59FEBAF4}.Debug|x86.Build.0 = Debug|Win32
		{9228BA3C-5DFF-4C7B-BE0B-800B59FEBAF4}.Release|x64.ActiveCfg = Release|x64
		{9228BA3C-5DFF-4C7B-BE0B-800B59FEBAF4}.Release|x64.Build.0 = Release|x64
		{9228BA3C-5DFF-4C7B-BE0B-800B59FEBAF4}.Release|x86.ActiveCfg = Release|Win32
		{9228BA3C-5DFF-4C7B-BE0B-800B59FEBAF4}.Release|x86.Build.0 = Release|Win32
		{5A62FE07-3A4F-472F-99E8-A08EE0CB2637}.Debug|x64.ActiveCfg = Debug|x64
		{5A62FE07-3A4F-472F-99E8-A08EE0CB2637}.Debug|x64.Build.0 = Debug|x64
		{5A62FE07-3A4F-472F-99E8-A08EE0CB2637}.Debug|x86.ActiveCfg = Debug|Win32
		{5A62FE07-3A4F-472F-99E8-A08EE0CB2637}.Debug|x86.Build.0 = Debug|Win32
		{5A62FE07-3A4F-472F-99E8-A08EE0CB2637}.Release|x64.ActiveCfg = Release|x64
		{5A62FE07-3A4F-472F-99E8-A08EE0CB2637}.Release|x64.Build.0 = Release|x64
		{5A62FE07-3A4F-472F-99E8-A08EE0CB2637}.Release|x86.ActiveCfg = Release|Win32
		{5A62FE07-3A4F-472F-99E8-A08EE0CB2637}.Release|x86.Build.0 = Release|Win32
		{3914CF26-AC53-4424-BD0E-7BDC36C616C7}.Debug|x64.ActiveCfg = Debug|x64
		{3914CF26-AC53-4424-BD0E-7BDC36C616C7}.Debug|x64.Build.0 = Debug|x64
		{3914CF26-AC53-4424-BD0E-7BDC36C616C7}.Debug|x86.ActiveCfg = Debug|Win32
		{3914CF26-AC53-4424-BD0E-7BDC36C616C7}.Debug|x86.Build.0 = Debug|Win32
		{3914CF26-AC53-4424-BD0E-7BDC36C616C7}.Release|x64.ActiveCfg = Release|x64
		{3914CF26-AC53-4424-BD0E-7BDC36C616C7}.Release|x64.Build.0 = Release|x64
		{3914CF26-AC53-4424-BD0E-7BDC36C616C7}.Release|x86.ActiveCfg = Release|Win32
		{3914CF26-AC53-4424-BD0E-7BDC36C616C7}.Release|x86.Build.0 = Release|Win32
		{71D40664-3DF7-4DE6-8F27-59C8DAEA9DFC}.Debug|x64.ActiveCfg = Debug|x64
		{71D40664-3DF7-4DE6-8F27-59C8DAEA9DFC}.Debug|x64.Build.0 = Debug|x64
		{71D40664-3DF7-4DE6-8F27-59C8DAEA9DFC}.Debug|x86.ActiveCfg = Debug|Win32
		{71D40664-3DF7-4DE6-8F27-59C8DAEA9DFC}.Debug|x86.Build.0 = Debug|Win32
		{71D40664-3DF7-4DE6-8F27-59C8DAEA9DFC}.Release|x64.ActiveCfg = Release|x64
		{71D40664-3DF7-4DE6-8F27-59C8DAEA9DFC}.Release|x64.Build.0 = Release|x64
		{71D40664-3DF7-4DE6-8F27-59C8DAEA9DFC}.Release|x86.ActiveCfg = Release|Win32
		{71D40664-3DF7-4DE6-8F27-59C8DAEA9DFC}.Release|x86.Build.0 = Release|Win32
		{85F2D8A4-3FEB-463A-A3D2-7A4CFBE00DBD}.Debug|x64.ActiveCfg = Debug|x64
		{85F2D8A4-3FEB-463A-A3D2-7A4CFBE00DBD}.Debug|x64.Build.0 = Debug|x64
		{85F2D8A4-3FEB-463A-A3D2-7A4CFBE00DBD}.Debug|x86.ActiveCfg = Debug|Win32
		{85F2D8A4-3FEB-463A-A3D2-7A4CFBE00DBD}.Debug|x86.Build.0 = Debug|Win32
		{85F2D8A4-3FEB-463A-A3D2-7A4CFBE00DBD}.Release|x64.ActiveCfg = Release|x64
		{85F2D8A4-3FEB-463A-A3D2-7A4CFBE00DBD}.Release|x64.Build.0 = Release|x64
		{85F2D8A4-3FEB-463A-A3D2-7A4CFBE00DBD}.Release|x86.ActiveCfg = Release|Win32
		{85F2D8A4-3FEB-463A-A3D2-7A4CFBE00DBD}.Release|x86.Build.0 = Release|Win32
		{1F5BF5C4-7793-4099-BF1D-08772B20E838}.Debug|x64.ActiveCfg = Debug|x64
		{1F5BF5C4-7793-4099-BF1D-08772B20E838}.Debug|x64.Build.0 = Debug|x64
		{1F5BF5C4-7793-4099-BF1D-08772B20E838}.Debug|x86.ActiveCfg = Debug|Win32
		{1F5BF5C4-7793-4099-BF1D-08772B20E838}.Debug|x86.Build.0 = Debug|Win32
		{1F5BF5C4-7793-4099-BF1D-08772B20E838}.Release|x64.ActiveCfg = Release|x64
		{1F5BF5C4-7793-4099-BF1D-08772B20E838}.Release|x64.Build.0 = Release|x64
		{1F5BF5C4-7793-4099-BF1D-08772B20E838}.Release|x86.ActiveCfg = Release|Win32
		{1F5BF5C4-7793-4099-BF1D-08772B20E838}.Release|x86.Build.0 = Release|Win32
		{4A14A0AC-DCCD-4FBD-811E-5D59E93B1026}.Debug|x64.ActiveCfg = Debug|x64
		{4A14A0AC-DCCD-4FBD-811E-5D59E93B1026}.Debug|x64.Build.0 = Debug|x64
		{4A14A0AC-DCCD-4FBD-811E-5D59E93B1026}.Debug|x86.ActiveCfg = Debug|Win32
		{4A14A0AC-DCCD-4FBD-811E-5D59E93B1026}.Debug|x86.Build.0 = Debug|Win32
		{4A14A0AC-DCCD-4FBD-811E-5D59E93B1026}.Release|x64.ActiveCfg = Release|x64
		{4A14A0AC-DCCD-4FBD-811E-5D59E93B1026}.Release|x64.Build.0 = Release|x64
		{4A14A0AC-DCCD-4FBD-811E-5D59E93B1026}.Release|x86.ActiveCfg = Release|Win32
		{4A14A0AC-DCCD-4FBD-811E-5D59E93B1026}.Release|x86.Build.0 = Release|Win32
		{2EA44406-BA20-4B5B-A9BD-7945F7576C8A}.Debug|x64.ActiveCfg = Debug|x64
		{2EA44406-BA20-4B5B-A9BD-7945F7576C8A}.Debug|x64.Build.0 = Debug|x64
		{2EA44406-BA20-4B5B-A9BD-7945F7576C8A}.Debug|x86.ActiveCfg = Debug|Win32
		{2EA44406-BA20-4B5B-A9BD-7945F7576C8A}.Debug|x86.Build.0 = Debug|Win32
		{2EA44406-BA20-4B5B-A9BD-7945F7576C8A}.Release|x64.ActiveCfg = Release|x64
		{2EA44406-BA20-4B5B-A9BD-7945F7576C8A}.Release|x64.Build.0 = Release|x64
		{2EA44406-BA20-4B5B-A9BD-7945F7576C8A}.Release|x86.ActiveCfg = Release|Win32
		{2EA44406-BA20-4B5B-A9BD-7945F7576C8A}.Release|x86.Build.0 = Release|Win32
		{D572D493-FDCE-4BB6-A625-C22A73D959CE}.Debug|x64.ActiveCfg = Debug|x64
		{D572D493-FDCE-4BB6-A625-C22A73D959CE}.Debug|x64.Build.0 = Debug|x64
		{D572D493-FDCE-4BB6-A625-C22A73D959CE}.Debug|x86.ActiveCfg = Debug|Win32
		{D572D493-FDCE-4BB6-A625-C22A73D959CE}.Debug|x86.Build.0 = Debug|Win32
		{D572D493-FDCE-4BB6-A625-C22A73D959CE}.Release|x64.ActiveCfg = Release|x64
		{D572D493-FDCE-4BB6-A625-C22A73D959CE}.Release|x64.Build.0 = Release|x64
		{D572D493-FDCE-4BB6-A625-C22A73D959CE}.Release|x86.ActiveCfg = Release|Win32
		{D572D493-FDCE-4BB6-A625-C22A73D959CE}.Release|x86.Build.0 = Release|Win32
		{A186CCE1-7579-428B-8A00-D020F8609EF4}.Debug|x64.ActiveCfg = Debug|x64
		{A186CCE1-7579-428B-8A00-D020F8609EF4}.Debug|x64.Build.0 = Debug|x64
		{A186CCE1-7579-428B-8A00-D020F8609EF4}.Debug|x86.ActiveCfg = Debug|Win32
		{A186CCE1-7579-428B-8A00-D020F8609EF4}.Debug|x86.Build.0 = Debug|Win32
		{A186CCE1-7579-428B-8A00-D020F8609EF4}.Release|x64.ActiveCfg = Release|x64
		{A186CCE1-7579-428B-8A00-D020F8609EF4}.Release|x64.Build.0 = Release|x64
		{A186CCE1-7579-428B-8A00-D020F8609EF4}.Release|x86.ActiveCfg = Release|Win32
		{A186CCE1-7579-428B-8A00-D020F8609EF4}.Release|x86.Build.0 = Release|Win32
		{D0993240-F8C6-46A6-952C-C98DF7E4AB20}.Debug|x64.ActiveCfg = Debug|x64
		{D0993240-F8C6-46A6-952C-C98DF7E4AB20}.Debug|x64.Build.0 = Debug|x64
		{D0993240-F8C6-46A6-952C-C98DF7E4AB20}.Debug|x86.ActiveCfg = Debug|Win32
		{D0993240-F8C6-46A6-952C-C98DF7E4AB20}.Debug|x86.Build.0 = Debug|Win32
		{D0993240-F8C6-46A6-952C-C98DF7E4AB20}.Release|x64.ActiveCfg = Release|x64
		{D0993240-F8C6-46A6-952C-C98DF7E4AB20}.Release|x64.Build.0 = Release|x64
		{D0993240-F8C6-46A6-952C-C98DF7E4AB20}.Release|x86.ActiveCfg = Release|Win32
		{D0993240-F8C6-46A6-952C-C98DF7E4AB20}.Release|x86.Build.0 = Release|Win32
		{207C6175-B42F-4279-8874-F0045AAD891A}.Debug|x64.ActiveCfg = Debug|x64
		{207C6175-B42F-4279-8874-F0045AAD891A}.Debug|x64.Build.0 = Debug|x64
		{207C6175-B42F-4279-8874-F0045AAD891A}.Debug|x86.ActiveCfg = Debug|Win32
		{207C6175-B42F-4279-8874-F0045AAD891A}.Debug|x86.Build.0 = Debug|Win32
		{207C6175-B42F-4279-8874-F0045AAD891A}.Release|x64.ActiveCfg = Release|x64
		{207C6175-B42F-4279-8874-F0045AAD891A}.Release|x64.Build.0 = Release|x64
		{207C6175-B42F-4279-8874-F0045AAD891A}.Release|x86.ActiveCfg = Release|Win32
		{207C6175-B42F-4279-8874-F0045AAD891A}.Release|x86.Build.0 = Release|Win32
		{BEC270FE-1EEC-4B62-B922-1DFA6FADB2E3}.Debug|x64.ActiveCfg = Debug|x64
		{BEC270FE-1EEC-4B62-B922-1DFA6FADB2E3}.Debug|x64.Build.0 = Debug|x64
		{BEC270FE-1EEC-4B62-B922-1DFA6FADB2E3}.Debug|x86.ActiveCfg = Debug|Win32
		{BEC270FE-1EEC-4B62-B922-1DFA6FADB2E3}.Debug|x86.Build.0 = Debug|Win32
		{BEC270FE-1EEC-4B62-B922-1DFA6FADB2E3}.Release|x64.ActiveCfg = Release|x64
		{BEC270FE-1EEC-4B62-B922-1DFA6FADB2E3}.Release|x64.Build.0 = Release|x64
		{BEC270FE-1EEC-4B62-B922-1DFA6FADB2E3}.Release|x86.ActiveCfg = Release|Win32
		{BEC270FE-1EEC-4B62-B922-1DFA6FADB2E3}.Release|x86.Build.0 = Release|Win32
		{1B613F24-46A5-4E7A-8A1C-22C468BC38AD}.Debug|x64.ActiveCfg = Debug|x64
		{1B613F24-46A5-4E7A-8A1C-22C468BC38AD}.Debug|x64.Build.0 = Debug|x64
		{1B613F24-46A5-4E7A-8A1C-22C468BC38AD}.Debug|x86.ActiveCfg = Debug|Win32
		{1B613F24-46A5-4E7A-8A1C-22C468BC38AD}.Debug|x86.Build.0 = Debug|Win32
		{1B613F24-46A5-4E7A-8A1C-22C468BC38AD}.Release|x64.ActiveCfg = Release|x64
		{1B613F24-46A5-4E7A-8A1C-22C468BC38AD}.Release|x64.Build.0 = Release|x64
		{1B613F24-46A5-4E7A-8A1C-22C468BC38AD}.Release|x86.ActiveCfg = Release|Win32
		{1B613F24-46A5-4E7A-8A1C-22C468BC38AD}.Release|x86.Build.0 = Release|Win32
		{C18173CD-A8D3-4AD2-BD64-9F6021A146AF}.Debug|x64.ActiveCfg = Debug|x64
		{C18173CD-A8D3-4AD2-BD64-9F6021A146AF}.Debug|x64.Build.0 = Debug|x64
		{C18173CD-A8D3-4AD2-BD64-9F6021A146AF}.Debug|x86.ActiveCfg = Debug|Win32
		{C18173CD-A8D3-4AD2-BD64-9F6021A146AF}.Debug|x86.Build.0 = Debug|Win32
		{C18173CD-A8D3-4AD2-BD64-9F6021A146AF}.Release|x64.ActiveCfg = Release|x64
		{C18173CD-A8D3-4AD2-BD64-9F6021A146AF}.Release|x64.Build.0 = Release|x64
		{C18173CD-A8D3-4AD2-BD64-9F6021A146AF}.Release|x86.ActiveCfg = Release|Win32
		{C18173CD-A8D3-4AD2-BD64-9F6021A146AF}.Release|x86.Build.0 = Release|Win32
		{7F3D898E-DEE9-4695-9D23-ABA5B4F9A867}.Debug|x64.ActiveCfg = Debug|x64
		{7F3D898E-DEE9-4695-9D23-ABA5B4F9A867}.Debug|x64.Build.0 = Debug|x64
		{7F3D898E-DEE9-4695-9D23-ABA5B4F9A867}.Debug|x86.ActiveCfg = Debug|Win32
		{7F3D898E-DEE9-4695-9D23-ABA5B4F9A867}.Debug|x86.Build.0 = Debug|Win32
		{7F3D898E-DEE9-4695-9D23-ABA5B4F9A867}.Release|x64.ActiveCfg = Release|x64
		{7F3D898E-DEE9-4695-9D23-ABA5B4F9A867}.Release|x64.Build.0 = Release|x64
		{7F3D898E-DEE9-4695-9D23-ABA5B4F9A867}.Release|x86.ActiveCfg = Release|Win32
		{7F3D898E-DEE9-4695-9D23-ABA5B4F9A867}.Release|x86.Build.0 = Release|Win32
		{80CDFDF8-FF56-46BE-98E0-783211ED0B0A}.Debug|x64.ActiveCfg = Debug|x64
		{80CDFDF8-FF56-46BE-98E0-783211ED0B0A}.Debug|x64.Build.0 = Debug|x64
		{80CDFDF8-FF56-46BE-98E0-783211ED0B0A}.Debug|x86.ActiveCfg = Debug|Win32
		{80CDFDF8-FF56-46BE-98E0-783211ED0B0A}.Debug|x86.Build.0 = Debug|Win32
		{80CDFDF8-FF56-46BE-98E0-783211ED0B0A}.Release|x64.ActiveCfg = Release|x64
		{80CDFDF8-FF56-46BE-98E0-783211ED0B0A}.Release|x64.Build.0 = Release|x64
		{80CDFDF8-FF56-46BE-98E0-783211ED0B0A}.Release|x86.ActiveCfg = Release|Win32
		{80CDFDF8-FF56-46BE-98E0-783211ED0B0A}.Release|x86.Build.0 = Release|Win32
		{769741EC-7205-41D0-84DD-C6936C274156}.Debug|x64.ActiveCfg = Debug|x64
		{769741EC-7205-41D0-84DD-C6936C274156}.Debug|x64.Build.0 = Debug|x64
		{769741EC-7205-41D0-84DD-C6936C274156}.Debug|x86.ActiveCfg = Debug|Win32
		{769741EC-7205-41D0-84DD-C6936C274156}.Debug|x86.Build.0 = Debug|Win32
		{769741EC-7205-41D0-84DD-C6936C274156}.Release|x64.ActiveCfg = Release|x64
		{769741EC-7205-41D0-84DD-C6936C274156}.Release|x64.Build.0 = Release|x64
		{769741EC-7205-41D0-84DD-C6936C274156}.Release|x86.ActiveCfg = Release|Win32
		{769741EC-7205-41D0-84DD-C6936C274156}.Release|x86.Build.0 = Release|Win32
		{ADFA2623-C5CD-437D-9B68-C6C9DCF00A79}.Debug|x64.ActiveCfg = Debug|x64
		{ADFA2623-C5CD-437D-9B68-C6C9DCF00A79}.Debug|x64.Build.0 = Debug|x64
		{ADFA2623-C5CD-437D-9B68-C6C9DCF00A79}.Debug|x86.ActiveCfg = Debug|Win32
		{ADFA2623-C5CD-437D-9B68-C6C9DCF00A79}.Debug|x86.Build.0 = Debug|Win32
		{ADFA2623-C5CD-437D-9B68-C6C9DCF00A79}.Release|x64.ActiveCfg = Release|x64
		{ADFA2623-C5CD-437D-9B68-C6C9DCF00A79}.Release|x64.Build.0 = Release|x64
		{ADFA2623-C5CD-437D-9B68-C6C9DCF00A79}.Release|x86.ActiveCfg = Release|Win32
		{ADFA2623-C5CD-437D-9B68-C6C9DCF00A79}.Release|x86.Build.0 = Release|Win32
		{E1A8FBCE-A301-41A9-8554-13BE6C553E1A}.Debug|x64.ActiveCfg = Debug|x64
		{E1A8FBCE-A301-41A9-8554-13BE6C553E1A}.Debug|x64.Build.0 = Debug|x64
		{E1A8FBCE-A301-41A9-8554-13BE6C553E1A}.Debug|x86.ActiveCfg = Debug|Win32
		{E1A8FBCE-A301-41A9-8554-13BE6C553E1A}.Debug|x86.Build.0 = Debug|Win32
		{E1A8FBCE-A301-41A9-8554-13BE6C553E1A}.Release|x64.ActiveCfg = Release|x64
		{E1A8FBCE-A301-41A9-8554-13BE6C553E1A}.Release|x64.Build.0 = Release|x64
		{E1A8FBCE-A301-41A9-8554-13BE6C553E1A}.Release|x86.ActiveCfg = Release|Win32
		{E1A8FBCE-A301-41A9-8554-13BE6C553E1A}.Release|x86.Build.0 = Release|Win32
		{E334A01E-18C5-47AA-8CFE-D23767B6D84F}.Debug|x64.ActiveCfg = Debug|x64
		{E334A01E-18C5-47AA-8CFE-D23767B6D84F}.Debug|x64.Build.0 = Debug|x64
		{E334A01E-18C5-47AA-8CFE-D23767B6D84F}.Debug|x86.ActiveCfg = Debug|Win32
		{E334A01E-18C5-47AA-8CFE-D23767B6D84F}.Debug|x86.Build.0 = Debug|Win32
		{E334A01E-18C5-47AA-8CFE-D23767B6D84F}.Release|x64.ActiveCfg = Release|x64
		{E334A01E-18C5-47AA-8CFE-D23767B6D84F}.Release|x64.Build.0 = Release|x64
		{E334A01E-18C5-47AA-8CFE-D23767B6D84F}.Release|x86.ActiveCfg = Release|Win32
		{E334A01E-18C5-47AA-8CFE-D23767B6D84F}.Release|x86.Build.0 = Release|Win32
		{F4128546-39E5-4A1A-A028-883548301E37}.Debug|x64.ActiveCfg = Debug|x64
		{F4128546-39E5-4A1A-A028-883548301E37}.Debug|x64.Build.0 = Debug|x64
		{F4128546-39E5-4A1A-A028-883548301E37}.Debug|x86.ActiveCfg = Debug|Win32
		{F4128546-39E5-4A1A-A028-883548301E37}.Debug|x86.Build.0 = Debug|Win32
		{F4128546-39E5-4A1A-A028-883548301E37}.Release|x64.ActiveCfg = Release|x64
		{F4128546-39E5-4A1A-A028-883548301E37}.Release|x64.Build.0 = Release|x64
		{F4128546-39E5-4A1A-A028-883548301E37}.Release|x86.ActiveCfg = Release|Win32
		{F4128546-39E5-4A1A-A028-883548301E37}.Release|x86.Build.0 = Release|Win32
		{081AA803-3126-44C9-BA99-BBEBD35A2123}.Debug|x64.ActiveCfg = Debug|x64
		{081AA803-3126-44C9-BA99-BBEBD35A2123}.Debug|x64.Build.0 = Debug|x64
		{081AA803-3126-44C9-BA99-BBEBD35A2123}.Debug|x86.ActiveCfg = Debug|Win32
		{081AA803-3126-44C9-BA99-BBEBD35A2123}.Debug|x86.Build.0 = Debug|Win32
		{081AA803-3126-44C9-BA99-BBEBD35A2123}.Release|x64.ActiveCfg = Release|x64
		{081AA803-3126-44C9-BA99-BBEBD35A2123}.Release|x64.Build.0 = Release|x64
		{081AA803-3126-44C9-BA99-BBEBD35A2123}.Release|x86.ActiveCfg = Release|Win32
		{081AA803-3126-44C9-BA99-BBEBD35A2123}.Release|x86.Build.0 = Release|Win32
		{C60AA3B8-2C30-43FA-BBD0-51217DE29421}.Debug|x64.ActiveCfg = Debug|x64
		{C60AA3B8-2C30-43FA-BBD0-51217DE29421}.Debug|x64.Build.0 = Debug|x64
		{C60AA3B8-2C30-43FA-BBD0-51217DE29421}.Debug|x86.ActiveCfg = Debug|Win32
		{C60AA3B8-2C30-43FA-BBD0-51217DE29421}.Debug|x86.Build.0 = Debug|Win32
		{C60AA3B8-2C30-43FA-BBD0-51217DE29421}.Release|x64.ActiveCfg = Release|x64
		{C60AA3B8-2C30-43FA-BBD0-51217DE29421}.Release|x64.Build.0 = Release|x64
		{C60AA3B8-2C30-43FA-BBD0-51217DE29421}.Release|x86.ActiveCfg = Release|Win32
		{C60AA3B8-2C30-43FA-BBD0-51217DE29421}.Release|x86.Build.0 = Release|Win32
		{274701E9-CF4B-4B14-B9F5-9006A77FB001}.Debug|x64.ActiveCfg = Debug|x64
		{274701E9-CF4B-4B14-B9F5-9006A77FB001}.Debug|x64.Build.0 = Debug|x64
		{274701E9-CF4B-4B14-B9F5-9006A77FB001}.Debug|x86.ActiveCfg = Debug|Win32
		{274701E9-CF4B-4B14-B9F5-9006A77FB001}.Debug|x86.Build.0 = Debug|Win32
		{274701E9-CF4B-4B14-B9F5-9006A77FB001}.Release|x64.ActiveCfg = Release|x64
		{274701E9-CF4B-4B14-B9F5-9006A77FB001}.Release|x64.Build.0 = Release|x64
		{274701E9-CF4B-4B14-B9F5-9006A77FB001}.Release|x86.ActiveCfg = Release|Win32
		{274701E9-CF4B-4B14-B9F5-9006A77FB001}.Release|x86.Build.0 = Release|Win32
		{0F6F385B-003A-447D-98A0-C9793FA02240}.Debug|x64.ActiveCfg = Debug|x64
		{0F6F385B-003A-447D-98A0-C9793FA02240}.Debug|x64.Build.0 = Debug|x64
		{0F6F385B-003A-447D-98A0-C9793FA02240}.Debug|x86.ActiveCfg = Debug|Win32
		{0F6F385B-003A-447D-98A0-C9793FA02240}.Debug|x86.Build.0 = Debug|Win32
		{0F6F385B-003A-447D-98A0-C9793FA02240}.Release|x64.ActiveCfg = Release|x64
		{0F6F385B-003A-447D-98A0-C9793FA02240}.Release|x64.Build.0 = Release|x64
		{0F6F385B-003A-447D-98A0-C9793FA02240}.Release|x86.ActiveCfg = Release|Win32
		{0F6F385B-003A-447D-98A0-C9793FA02240}.Release|x86.Build.0 = Release|Win32
		{2DFD3C47-0E05-441E-A278-C408963ABE33}.Debug|x64.ActiveCfg = Debug|x64
		{2DFD3C47-0E05-441E-A278-C408963ABE33}.Debug|x64.Build.0 = Debug|x64
		{2DFD3C47-0E05-441E-A278-C408963ABE33}.Debug|x86.ActiveCfg = Debug|Win32
		{2DFD3C47-0E05-441E-A278-C408963ABE33}.Debug|x86.Build.0 = Debug|Win32
		{2DFD3C47-0E05-441E-A278-C408963ABE33}.Release|x64.ActiveCfg = Release|x64
		{2DFD3C47-0E05-441E-A278-C408963ABE33}.Release|x64.Build.0 = Release|x64
		{2DFD3C47-0E05-441E-A278-C408963ABE33}.Release|x86.ActiveCfg = Release|Win32
		{2DFD3C47-0E05-441E-A278-C408963ABE33}.Release|x86.Build.0 = Release|Win32
		{5101CF33-4E28-490B-BA0F-880414466E59}.Debug|x64.ActiveCfg = Debug|x64
		{5101CF33-4E28-490B-BA0F-880414466E59}.Debug|x64.Build.0 = Debug|x64
		{5101CF33-4E28-490B-BA0F-880414466E59}.Debug|x86.ActiveCfg = Debug|Win32
		{5101CF33-4E28-490B-BA0F-880414466E59}.Debug|x86.Build.0 = Debug|Win32
		{5101CF33-4E28-490B-BA0F-880414466E59}.Release|x64.ActiveCfg = Release|x64
		{5101CF33-4E28-490B-BA0F-880414466E59}.Release|x64.Build.0 = Release|x64
		{5101CF33-4E28-490B-BA0F-880414466E59}.Release|x86.ActiveCfg = Release|Win32
		{5101CF33-4E28-490B-BA0F-880414466E59}.Release|x86.Build.0 = Release|Win32
		{FFDEC6ED-5E9D-4F25-9E18-4FC5408C6452}.Debug|x64.ActiveCfg = Debug|x64
		{FFDEC6ED-5E9D-4F25-9E18-4FC5408C6452}.Debug|x64.Build.0 = Debug|x64
		{FFDEC6ED-5E9D-4F25-9E18-4FC5408C6452}.Debug|x86.ActiveCfg = Debug|Win32
		{FFDEC6ED-5E9D-4F25-9E18-4FC5408C6452}.Debug|x86.Build.0 = Debug|Win32
		{FFDEC6ED-5E9D-4F25-9E18-4FC5408C6452}.Release|x64.ActiveCfg = Release|x64
		{FFDEC6ED-5E9D-4F25-9E18-4FC5408C6452}.Release|x64.Build.0 = Release|x64
		{FFDEC6ED-5E9D-4F25-9E18-4FC5408C6452}.Release|x86.ActiveCfg = Release|Win32
		{FFDEC6ED-5E9D-4F25-9E18-4FC5408C6452}.Release|x86.Build.0 = Release|Win32
		{8B526387-3065-410D-BDD1-46A5989D0E4F}.Debug|x64.ActiveCfg = Debug|x64
		{8B526387-3065-410D-BDD1-46A5989D0E4F}.Debug|x64.Build.0 = Debug|x64
		{8B526387-3065-410D-BDD1-46A5989D0E4F}.Debug|x86.ActiveCfg = Debug|Win32
		{8B526387-3065-410D-BDD1-46A5989D0E4F}.Debug|x86.Build.0 = Debug|Win32
		{8B526387-3065-410D-BDD1-46A5989D0E4F}.Release|x64.ActiveCfg = Release|x64
		{8B526387-3065-410D-BDD1-46A5989D0E4F}.Release|x64.Build.0 = Release|x64
		{8B526387-3065-410D-BDD1-46A5989D0E4F}.Release|x86.ActiveCfg = Release|Win32
		{8B526387-3065-410D-BDD1-46A5989D0E4F}.Release|x86.Build.0 = Release|Win32
		{8F4C1A4A-136E-460A-B916-F106BE339F91}.Debug|x64.ActiveCfg = Debug|x64
		{8F4C1A4A-136E-460A-B916-F106BE339F91}.Debug|x64.Build.0 = Debug|x64
		{8F4C1A4A-136E-460A-B916-F106BE339F91}.Debug|x86.ActiveCfg = Debug|Win32
		{8F4C1A4A-136E-460A-B916-F106BE339F91}.Debug|x86.Build.0 = Debug|Win32
		{8F4C1A4A-136E-460A-B916-F106BE339F91}.Release|x64.ActiveCfg = Release|x64
		{8F4C1A4A-136E-460A-B916-F106BE339F91}.Release|x64.Build.0 = Release|x64
		{8F4C1A4A-136E-460A-B916-F106BE339F91}.Release|x86.ActiveCfg = Release|Win32
		{8F4C1A4A-136E-460A-B916-F106BE339F91}.Release|x86.Build.0 = Release|Win32
		{D81B075B-5A38-4A65-AFF4-8B25B39E573C}.Debug|x64.ActiveCfg = Debug|x64
		{D81B075B-5A38-4A65-AFF4-8B25B39E573C}.Debug|x64.Build.0 = Debug|x64
		{D81B075B-5A38-4A65-AFF4-8B25B39E573C}.Debug|x86.ActiveCfg = Debug|Win32
		{D81B075B-5A38-4A65-AFF4-8B25B39E573C}.Debug|x86.Build.0 = Debug|Win32
		{D81B075B-5A38-4A65-AFF4-8B25B39E573C}.Release|x64.ActiveCfg = Release|x64
		{D81B075B-5A38-4A65-AFF4-8B25B39E573C}.Release|x64.Build.0 = Release|x64
		{D81B075B-5A38-4A65-AFF4-8B25B39E573C}.Release|x86.ActiveCfg = Release|Win32
		{D81B075B-5A38-4A65-AFF4-8B25B39E573C}.Release|x86.Build.0 = Release|Win32
		{52C559DC-C31B-4CCF-905E-05D3E590D2E9}.Debug|x64.ActiveCfg = Debug|x64
		{52C559DC-C31B-4CCF-905E-05D3E590D2E9}.Debug|x64.Build.0 = Debug|x64
		{52C559DC-C31B-4CCF-905E-05D3E590D2E9}.Debug|x86.ActiveCfg = Debug|Win32
		{52C559DC-C31B-4CCF-905E-05D3E590D2E9}.Debug|x86.Build.0 = Debug|Win32
		{52C559DC-C31B-4CCF-905E-05D3E590D2E9}.Release|x64.ActiveCfg = Release|x64
		{52C559DC-C31B-4CCF-905E-05D3E590D2E9}.Release|x64.Build.0 = Release|x64
		{52C559DC-C31B-4CCF-905E-05D3E590D2E9}.Release|x86.ActiveCfg = Release|Win32
		{52C559DC-C31B-4CCF-905E-05D3E590D2E9}.Release|x86.Build.0 = Release|Win32
		{99F2C2F2-41CB-49B8-852C-A3B166ABC7C3}.Debug|x64.ActiveCfg = Debug|x64
		{99F2C2F2-41CB-49B8-852C-A3B166ABC7C3}.Debug|x64.Build.0 = Debug|x64
		{99F2C2F2-41CB-49B8-852C-A3B166ABC7C3}.Debug|x86.ActiveCfg = Debug|Win32
		{99F2C2F2-41CB-49B8-852C-A3B166ABC7C3}.Debug|x86.Build.0 = Debug|Win32
		{99F2C2F2-41CB-49B8-852C-A3B166ABC7C3}.Release|x64.ActiveCfg = Release|x64
		{99F2C2F2-41CB-49B8-852C-A3B166ABC7C3}.Release|x64.Build.0 = Release|x64
		{99F2C2F2-41CB-49B8-852C-A3B166ABC7C3}.Release|x86.ActiveCfg = Release|Win32
		{99F2C2F2-41CB-49B8-852C-A3B166ABC7C3}.Release|x86.Build.0 = Release|Win32
		{8EC898DB-8781-4ADD-8A0A-5F2B7FD97FBE}.Debug|x64.ActiveCfg = Debug|x64
		{8EC898DB-8781-4ADD-8A0A-5F2B7FD97FBE}.Debug|x64.Build.0 = Debug|x64
		{8EC898DB-8781-4ADD-8A0A-5F2B7FD97FBE}.Debug|x86.ActiveCfg = Debug|Win32
		{8EC898DB-8781-4ADD-8A0A-5F2B7FD97FBE}.Debug|x86.Build.0 = Debug|Win32
		{8EC898DB-8781-4ADD-8A0A-5F2B7FD97FBE}.Release|x64.ActiveCfg = Release|x64
		{8EC898DB-8781-4ADD-8A0A-5F2B7FD97FBE}.Release|x64.Build.0 = Release|x64
		{8EC898DB-8781-4ADD-8A0A-5F2B7FD97FBE}.Release|x86.ActiveCfg = Release|Win32
		{8EC898DB-8781-4ADD-8A0A-5F2B7FD97FBE}.Release|x86.Build.0 = Release|Win32
		{D3E1E30E-1553-47D7-AE59-B4DA63EC5C19}.Debug|x64.ActiveCfg = Debug|x64
		{D3E1E30E-1553-47D7-AE59-B4DA63EC5C19}.Debug|x64.Build.0 = Debug|x64
		{D3E1E30E-1553-47D7-AE59-B4DA63EC5C19}.Debug|x86.ActiveCfg = Debug|Win32
		{D3E1E30E-1553-47D7-AE59-B4DA63EC5C19}.Debug|x86.Build.0 = Debug|Win32
		{D3E1E30E-1553-47D7-AE59-B4DA63EC5C19}.Release|x64.ActiveCfg = Release|x64
		{D3E1E30E-1553-47D7-AE59-B4DA63EC5C19}.Release|x64.Build.0 = Release|x64
		{D3E1E30E-1553-47D7-AE59-B4DA63EC5C19}.Release|x86.ActiveCfg = Release|Win32
		{D3E1E30E-1553-47D7-AE59-B4DA63EC5C19}.Release|x86.Build.0 = Release|Win32
		{D7208FB3-3936-4814-94AC-F32137DD3557}.Debug|x64.ActiveCfg = Debug|x64
		{D7208FB3-3936-4814-94AC-F32137DD3557}.Debug|x64.Build.0 = Debug|x64
		{D7208FB3-3936-4814-94AC-F32137DD3557}.Debug|x86.ActiveCfg = Debug|Win32
		{D7208FB3-3936-4814-94AC-F32137DD3557}.Debug|x86.Build.0 = Debug|Win32
		{D7208FB3-3936-4814-94AC-F32137DD3557}.Release|x64.ActiveCfg = Release|x64
		{D7208FB3-3936-4814-94AC-F32137DD3557}.Release|x64.Build.0 = Release|x64
		{D7208FB3-3936-4814-94AC-F32137DD3557}.Release|x86.ActiveCfg = Release|Win32
		{D7208FB3-3936-4814-94AC-F32137DD3557}.Release|x86.Build.0 = Release|Win32
		{8ACAD6FD-0DBC-4845-A81B-0538995EF0E5}.Debug|x64.ActiveCfg = Debug|x64
		{8ACAD6FD-0DBC-4845-A81B-0538995EF0E5}.Debug|x64.Build.0 = Debug|x64
		{8ACAD6FD-0DBC-4845-A81B-0538995EF0E5}.Debug|x86.ActiveCfg = Debug|Win32
		{8ACAD6FD-0DBC-4845-A81B-0538995EF0E5}.Debug|x86.Build.0 = Debug|Win32
		{8ACAD6FD-0DBC-4845-A81B-0538995EF0E5}.Release|x64.ActiveCfg = Release|x64
		{8ACAD6FD-0DBC-4845-A81B-0538995EF0E5}.Release|x64.Build.0 = Release|x64
		{8ACAD6FD-0DBC-4845-A81B-0538995EF0E5}.Release|x86.ActiveCfg = Release|Win32
		{8ACAD6FD-0DBC-4845-A81B-0538995EF0E5}.Release|x86.Build.0 = Release|Win32
		{8C66F9CF-1188-411E-BB47-DE05275D76F2}.Debug|x64.ActiveCfg = Debug|x64
		{8C66F9CF-1188-411E-BB47-DE05275D76F2}.Debug|x64.Build.0 = Debug|x64
		{8C66F9CF-1188-411E-BB47-DE05275D76F2}.Debug|x86.ActiveCfg = Debug|Win32
		{8C66F9CF-1188-411E-BB47-DE05275D76F2}.Debug|x86.Build.0 = Debug|Win32
		{8C66F9CF-1188-411E-BB47-DE05275D76F2}.Release|x64.ActiveCfg = Release|x64
		{8C66F9CF-1188-411E-BB47-DE05275D76F2}.Release|x64.Build.0 = Release|x64
		{8C66F9CF-1188-411E-BB47-DE05275D76F2}.Release|x86.ActiveCfg = Release|Win32
		{8C66F9CF-1188-411E-BB47-DE05275D76F2}.Release|x86.Build.0 = Release|Win32
		{85FC6A29-4B72-4400-AF36-BD9B3152B110}.Debug|x64.ActiveCfg = Debug|x64
		{85FC6A29-4B72-4400-AF36-BD9B3152B110}.Debug|x64.Build.0 = Debug|x64
		{85FC6A29-4B72-4400-AF36-BD9B3152B110}.Debug|x86.ActiveCfg = Debug|Win32
		{85FC6A29-4B72-4400-AF36-BD9B3152B110}.Debug|x86.Build.0 = Debug|Win32
		{85FC6A29-4B72-4400-AF36-BD9B3152B110}.Release|x64.ActiveCfg = Release|x64
		{85FC6A29-4B72-4400-AF36-BD9B3152B110}.Release|x64.Build.0 = Release|x64
		{85FC6A29-4B72-4400-AF36-BD9B3152B110}.Release|x86.ActiveCfg = Release|Win32
		{85FC6A29-4B72-4400-AF36-BD9B3152B110}.Release|x86.Build.0 = Release|Win32
		{79DD304B-FA2C-4734-8A7A-09F8F4AAC866}.Debug|x64.ActiveCfg = Debug|x64
		{79DD304B-FA2C-4734-8A7A-09F8F4AAC866}.Debug|x64.Build.0 = Debug|x64
		{79DD304B-FA2C-4734-8A7A-09F8F4AAC866}.Debug|x86.ActiveCfg = Debug|Win32
		{79DD304B-FA2C-4734-8A7A-09F8F4AAC866}.Debug|x86.Build.0 = Debug|Win32
		{79DD304B-FA2C-4734-8A7A-09F8F4AAC866}.Release|x64.ActiveCfg = Release|x64
		{79DD304B-FA2C-4734-8A7A-09F8F4AAC866}.Release|x64.Build.0 = Release|x64
		{79DD304B-FA2C-4734-8A7A-09F8F4AAC866}.Release|x86.ActiveCfg = Release|Win32
		{79DD304B-FA2C-4734-8A7A-09F8F4AAC866}.Release|x86.Build.0 = Release|Win32
		{E88BF13A-4FBB-4DE6-BF34-BA527FC8A210}.Debug|x64.ActiveCfg = Debug|x64
		{E88BF13A-4FBB-4DE6-BF34-BA527FC8A210}.Debug|x64.Build.0 = Debug|x64
		{E88BF13A-4FBB-4DE6-BF34-BA527FC8A210}.Debug|x86.ActiveCfg = Debug|Win32
		{E88BF13A-4FBB-4DE6-BF34-BA527FC8A210}.Debug|x86.Build.0 = Debug|Win32
		{E88BF13A-4FBB-4DE6-BF34-BA527FC8A210}.Release|x64.ActiveCfg = Release|x64
		{E88BF13A-4FBB-4DE6-BF34-BA527FC8A210}.Release|x64.Build.0 = Release|x64
		{E88BF13A-4FBB-4DE6-BF34-BA527FC8A210}.Release|x86.ActiveCfg = Release|Win32
		{E88BF13A-4FBB-4DE6-BF34-BA527FC8A210}.Release|x86.Build.0 = Release|Win32
		{0D053691-B9E9-4558-A936-C3595C697FB6}.Debug|x64.ActiveCfg = Debug|x64
		{0D053691-B9E9-4558-A936-C3595C697FB6}.Debug|x64.Build.0 = Debug|x64
		{0D053691-B9E9-4558-A936-C3595C697FB6}.Debug|x86.ActiveCfg = Debug|Win32
		{0D053691-B9E9-4558-A936-C3595C697FB6}.Debug|x86.Build.0 = Debug|Win32
		{0D053691-B9E9-4558-A936-C3595C697FB6}.Release|x64.ActiveCfg = Release|x64
		{0D053691-B9E9-4558-A936-C3595C697FB6}.Release|x64.Build.0 = Release|x64
		{0D053691-B9E9-4558-A936-C3595C697FB6}.Release|x86.ActiveCfg = Release|Win32
		{0D053691-B9E9-4558-A936-C3595C697FB6}.Release|x86.Build.0 = Release|Win32
		{090A9D6A-0757-4F73-BA12-F080E21921C8}.Debug|x64.ActiveCfg = Debug|x64
		{090A9D6A-0757-4F73-BA12-F080E21921C8}.Debug|x64.Build.0 = Debug|x64
		{090A9D6A-0757-4F73-BA12-F080E21921C8}.Debug|x86.ActiveCfg = Debug|Win32
		{090A9D6A-0757-4F73-BA12-F080E21921C8}.Debug|x86.Build.0 = Debug|Win32
		{090A9D6A-0757-4F73-BA12-F080E21921C8}.Release|x64.ActiveCfg = Release|x64
		{090A9D6A-0757-4F73-BA12-F080E21921C8}.Release|x64.Build.0 = Release|x64
		{090A9D6A-0757-4F73-BA12-F080E21921C8}.Release|x86.ActiveCfg = Release|Win32
		{090A9D6A-0757-4F73-BA12-F080E21921C8}.Release|x86.Build.0 = Release|Win32
		{48930F88-1647-4EDF-9645-070AE50D08A9}.Debug|x64.ActiveCfg = Debug|x64
		{48930F88-1647-4EDF-9645-070AE50D08A9}.Debug|x64.Build.0 = Debug|x64
		{48930F88-1647-4EDF-9645-070AE50D08A9}.Debug|x86.ActiveCfg = Debug|Win32
		{48930F88-1647-4EDF-9645-070AE50D08A9}.Debug|x86.Build.0 = Debug|Win32
		{48930F88-1647-4EDF-9645-070AE50D08A9}.Release|x64.ActiveCfg = Release|x64
		{48930F88-1647-4EDF-9645-070AE50D08A9}.Release|x64.Build.0 = Release|x64
		{48930F88-1647-4EDF-9645-070AE50D08A9}.Release|x86.ActiveCfg = Release|Win32
		{48930F88-1647-4EDF-9645-070AE50D08A9}.Release|x86.Build.0 = Release|Win32
		{0780E80E-EB3D-4B3C-B1B4-1A327ABEF9A6}.Debug|x64.ActiveCfg = Debug|x64
		{0780E80E-EB3D-4B3C-B1B4-1A327ABEF9A6}.Debug|x64.Build.0 = Debug|x64
		{0780E80E-EB3D-4B3C-B1B4-1A327ABEF9A6}.Debug|x86.ActiveCfg = Debug|Win32
		{0780E80E-EB3D-4B3C-B1B4-1A327ABEF9A6}.Debug|x86.Build.0 = Debug|Win32
		{0780E80E-EB3D-4B3C-B1B4-1A327ABEF9A6}.Release|x64.ActiveCfg = Release|x64
		{0780E80E-EB3D-4B3C-B1B4-1A327ABEF9A6}.Release|x64.Build.0 = Release|x64
		{0780E80E-EB3D-4B3C-B1B4-1A327ABEF9A6}.Release|x86.ActiveCfg = Release|Win32
		{0780E80E-EB3D-4B3C-B1B4-1A327ABEF9A6}.Release|x86.Build.0 = Release|Win32
		{6CEC4FBA-A0C1-4338-AF6B-FAB53FCC7AED}.Debug|x64.ActiveCfg = Debug|x64
		{6CEC4FBA-A0C1-4338-AF6B-FAB53FCC7AED}.Debug|x64.Build.0 = Debug|x64
		{6CEC4FBA-A0C1-4338-AF6B-FAB53FCC7AED}.Debug|x86.ActiveCfg = Debug|Win32
		{6CEC4FBA-A0C1-4338-AF6B-FAB53FCC7AED}.Debug|x86.Build.0 = Debug|Win32
		{6CEC4FBA-A0C1-4338-AF6B-FAB53FCC7AED}.Release|x64.ActiveCfg = Release|x64
		{6CEC4FBA-A0C1-4338-AF6B-FAB53FCC7AED}.Release|x64.Build.0 = Release|x64
		{6CEC4FBA-A0C1-4338-AF6B-FAB53FCC7AED}.Release|x86.ActiveCfg = Release|Win32
		{6CEC4FBA-A0C1-4338-AF6B-FAB53FCC7AED}.Release|x86.Build.0 = Release|Win32
		{10F88CFA-1028-484A-A1A6-59923595E4C7}.Debug|x64.ActiveCfg = Debug|x64
		{10F88CFA-1028-484A-A1A6-59923595E4C7}.Debug|x64.Build.0 = Debug|x64
		{10F88CFA-1028-484A-A1A6-59923595E4C7}.Debug|x86.ActiveCfg = Debug|Win32
		{10F88CFA-1028-484A-A1A6-59923595E4C7}.Debug|x86.Build.0 = Debug|Win32
		{10F88CFA-1028-484A-A1A6-59923595E4C7}.Release|x64.ActiveCfg = Release|x64
		{10F88CFA-1028-484A-A1A6-59923595E4C7}.Release|x64.Build.0 = Release|x64
		{10F88CFA-1028-484A-A1A6-59923595E4C7}.Release|x86.ActiveCfg = Release|Win32
		{10F88CFA-1028-484A-A1A6-59923595E4C7}.Release|x86.Build.0 = Release|Win32
		{CD7AC9EB-473A-47C2-AD37-4D648B4592B1}.Debug|x64.ActiveCfg = Debug|x64
		{CD7AC9EB-473A-47C2-AD37-4D648B4592B1}.Debug|x64.Build.0 = Debug|x64
		{CD7AC9EB-473A-47C2-AD37-4D648B4592B1}.Debug|x86.ActiveCfg = Debug|Win32
		{CD7AC9EB-473A-47C2-AD37-4D648B4592B1}.Debug|x86.Build.0 = Debug|Win32
		{CD7AC9EB-473A-47C2-AD37-4D648B4592B1}.Release|x64.ActiveCfg = Release|x64
		{CD7AC9EB-473A-47C2-AD37-4D648B4592B1}.Release|x64.Build.0 = Release|x64
		{CD7AC9EB-473A-47C2-AD37-4D648B4592B1}.Release|x86.ActiveCfg = Release|Win32
		{CD7AC9EB-473A-47C2-AD37-4D648B4592B1}.Release|x86.Build.0 = Release|Win32
		{9C5084A1-37E3-4140-96AB-9D079E0289B6}.Debug|x64.ActiveCfg = Debug|x64
		{9C5084A1-37E3-4140-96AB-9D079E0289B6}.Debug|x64.Build.0 = Debug|x64
		{9C5084A1-37E3-4140-96AB-9D079E0289B6}.Debug|x86.ActiveCfg = Debug|Win32
		{9C5084A1-37E3-4140-96AB-9D079E0289B6}.Debug|x86.Build.0 = Debug|Win32
		{9C5084A1-37E3-4140-96AB-9D079E0289B6}.Release|x64.ActiveCfg = Release|x64
		{9C5084A1-37E3-4140-96AB-9D079E0289B6}.Release|x64.Build.0 = Release|x64
		{9C5084A1-37E3-4140-96AB-9D079E0289B6}.Release|x86.ActiveCfg = Release|Win32
		{9C5084A1-37E3-4140-96AB-9D079E0289B6}.Release|x86.Build.0 = Release|Win32
		{95796925-C567-4768-BF73-EAFF034B116A}.Debug|x64.ActiveCfg = Debug|x64
		{95796925-C567-4768-BF73-EAFF034B116A}.Debug|x64.Build.0 = Debug|x64
		{95796925-C567-4768-BF73-EAFF034B116A}.Debug|x86.ActiveCfg = Debug|Win32
		{95796925-C567-4768-BF73-EAFF034B116A}.Debug|x86.Build.0 = Debug|Win32
		{95796925-C567-4768-BF73-EAFF034B116A}.Release|x64.ActiveCfg = Release|x64
		{95796925-C567-4768-BF73-EAFF034B116A}.Release|x64.Build.0 = Release|x64
		{95796925-C567-4768-BF73-EAFF034B116A}.Release|x86.ActiveCfg = Release|Win32
		{95796925-C567-4768-BF73-EAFF034B116A}.Release|x86.Build.0 = Release|Win32
		{70ECE748-9490-4233-BC90-6BA04FE78D8A}.Debug|x64.ActiveCfg = Debug|x64
		{70ECE748-9490-4233-BC90-6BA04FE78D8A}.Debug|x64.Build.0 = Debug|x64
		{70ECE748-9490-4233-BC90-6BA04FE78D8A}.Debug|x86.ActiveCfg = Debug|Win32
		{70ECE748-9490-4233-BC90-6BA04FE78D8A}.Debug|x86.Build.0 = Debug|Win32
		{70ECE748-9490-4233-BC90-6BA04FE78D8A}.Release|x64.ActiveCfg = Release|x64
		{70ECE748-9490-4233-BC90-6BA04FE78D8A}.Release|x64.Build.0 = Release|x64
		{70ECE748-9490-4233-BC90-6BA04FE78D8A}.Release|x86.ActiveCfg = Release|Win32
		{70ECE748-9490-4233-BC90-6BA04FE78D8A}.Release|x86.Build.0 = Release|Win32
		{E507272A-2930-4BC5-AF1E-04B127029347}.Debug|x64.ActiveCfg = Debug|x64
		{E507272A-2930-4BC5-AF1E-04B127029347}.Debug|x64.Build.0 = Debug|x64
		{E507272A-2930-4BC5-AF1E-04B127029347}.Debug|x86.ActiveCfg = Debug|Win32
		{E507272A-2930-4BC5-AF1E-04B127029347}.Debug|x86.Build.0 = Debug|Win32
		{E507272A-2930-4BC5-AF1E-04B127029347}.Release|x64.ActiveCfg = Release|x64
		{E507272A-2930-4BC5-AF1E-04B127029347}.Release|x64.Build.0 = Release|x64
		{E507272A-2930-4BC5-AF1E-04B127029347}.Release|x86.ActiveCfg = Release|Win32
		{E507272A-2930-4BC5-AF1E-04B127029347}.Release|x86.Build.0 = Release|Win32
		{3ACD4AA1-F9A4-4E6C-90FB-A25FBF2962BA}.Debug|x64.ActiveCfg = Debug|x64
		{3ACD4AA1-F9A4-4E6C-90FB-A25FBF2962BA}.Debug|x64.Build.0 = Debug|x64
		{3ACD4AA1-F9A4-4E6C-90FB-A25FBF2962BA}.Debug|x86.ActiveCfg = Debug|Win32
		{3ACD4AA1-F9A4-4E6C-90FB-A25FBF2962BA}.Debug|x86.Build.0 = Debug|Win32
		{3ACD4AA1-F9A4-4E6C-90FB-A25FBF2962BA}.Release|x64.ActiveCfg = Release|x64
		{3ACD4AA1-F9A4-4E6C-90FB-A25FBF2962BA}.Release|x64.Build.0 = Release|x64
		{3ACD4AA1-F9A4-4E6C-90FB-A25FBF2962BA}.Release|x86.ActiveCfg = Release|Win32
		{3ACD4AA1-F9A4-4E6C-90FB-A25FBF2962BA}.Release|x86.Build.0 = Release|Win32
		{44AD388C-D9AA-47A7-AE1F-8660664FB3E4}.Debug|x64.ActiveCfg = Debug|x64
		{44AD388C-D9AA-47A7-AE1F-8660664FB3E4}.Debug|x64.Build.0 = Debug|x64
		{44AD388C-D9AA-47A7-AE1F-8660664FB3E4}.Debug|x86.ActiveCfg = Debug|Win32
		{44AD388C-D9AA-47A7-AE1F-8660664FB3E4}.Debug|x86.Build.0 = Debug|Win32
		{44AD388C-D9AA-47A7-AE1F-8660664FB3E4}.Release|x64.ActiveCfg = Release|x64
		{44AD388C-D9AA-47A7-AE1F-8660664FB3E4}.Release|x64.Build.0 = Release|x64
		{44AD388C-D9AA-47A7-AE1F-8660664FB3E4}.Release|x86.ActiveCfg = Release|Win32
		{44AD388C-D9AA-47A7-AE1F-8660664FB3E4}.Release|x86.Build.0 = Release|Win32
		{17BF2369-34E5-4C5B-846F-D6906C7A856B}.Debug|x64.ActiveCfg = Debug|x64
		{17BF2369-34E5-4C5B-846F-D6906C7A856B}.Debug|x64.Build.0 = Debug|x64
		{17BF2369-34E5-4C5B-846F-D6906C7A856B}.Debug|x86.ActiveCfg = Debug|Win32
		{17BF2369-34E5-4C5B-846F-D6906C7A856B}.Debug|x86.Build.0 = Debug|Win32
		{17BF2369-34E5-4C5B-846F-D6906C7A856B}.Release|x64.ActiveCfg = Release|x64
		{17BF2369-34E5-4C5B-846F-D6906C7A856B}.Release|x64.Build.0 = Release|x64
		{17BF2369-34E5-4C5B-846F-D6906C7A856B}.Release|x86.ActiveCfg = Release|Win32
		{17BF2369-34E5-4C5B-846F-D6906C7A856B}.Release|x86.Build.0 = Release|Win32
		{80544BD0-5D00-48C9-8759-A2000169B8FD}.Debug|x64.ActiveCfg = Debug|x64
		{80544BD0-5D00-48C9-8759-A2000169B8FD}.Debug|x64.Build.0 = Debug|x64
		{80544BD0-5D00-48C9-8759-A2000169B8FD}.Debug|x86.ActiveCfg = Debug|Win32
		{80544BD0-5D00-48C9-8759-A2000169B8FD}.Debug|x86.Build.0 = Debug|Win32
		{80544BD0-5D00-48C9-8759-A2000169B8FD}.Release|x64.ActiveCfg = Release|x64
		{80544BD0-5D00-48C9-8759-A2000169B8FD}.Release|x64.Build.0 = Release|x64
		{80544BD0-5D00-48C9-8759-A2000169B8FD}.Release|x86.ActiveCfg = Release|Win32
		{80544BD0-5D00-48C9-8759-A2000169B8FD}.Release|x86.Build.0 = Release|Win32
	EndGlobalSection
	GlobalSection(SolutionProperties) = preSolution
		HideSolutionNode = FALSE
	EndGlobalSection
	GlobalSection(ExtensibilityGlobals) = postSolution
		SolutionGuid = {B53B6221-D427-47CB-AACC-2D92B504CFA8}
	EndGlobalSection
EndGlobal
