
Microsoft Visual Studio Solution File, Format Version 12.00
# Visual Studio Version 16
VisualStudioVersion = 16.0.31515.178
MinimumVisualStudioVersion = 10.0.40219.1
Project("{8BC9CEB8-8B4A-11D0-8D11-00A0C91BC942}") = "01.教学演示录制", "01.教学演示录制\01.教学演示录制.vcxproj", "{B075046D-FB3B-4CDE-9FF7-EEA46359B2E7}"
EndProject
Project("{8BC9CEB8-8B4A-11D0-8D11-00A0C91BC942}") = "代码1-1", "代码1-1\代码1-1.vcxproj", "{4A88614B-21B2-4AFC-9E5B-06A89297CBE1}"
EndProject
Project("{8BC9CEB8-8B4A-11D0-8D11-00A0C91BC942}") = "练习1-1", "练习1-1\练习1-1.vcxproj", "{A191F233-BEE0-4057-B21A-BE15CAB62C23}"
EndProject
Project("{8BC9CEB8-8B4A-11D0-8D11-00A0C91BC942}") = "练习1-2", "练习1-2\练习1-2.vcxproj", "{C28AD6E5-96A6-42B4-8B3F-90C7D78603E7}"
EndProject
Project("{8BC9CEB8-8B4A-11D0-8D11-00A0C91BC942}") = "练习1-3", "练习1-3\练习1-3.vcxproj", "{BC473B8D-2C5B-42C8-BD92-5C4895891F94}"
EndProject
Project("{8BC9CEB8-8B4A-11D0-8D11-00A0C91BC942}") = "练习1-4", "练习1-4\练习1-4.vcxproj", "{6FF9F0B4-21BF-4C71-9DEF-04E3A365A402}"
EndProject
Project("{8BC9CEB8-8B4A-11D0-8D11-00A0C91BC942}") = "练习1-5", "练习1-5\练习1-5.vcxproj", "{93F9C9A5-FD4D-471D-A8A5-9268CC7CAAB0}"
EndProject
Project("{8BC9CEB8-8B4A-11D0-8D11-00A0C91BC942}") = "练习1-6", "练习1-6\练习1-6.vcxproj", "{95A52B8D-0186-4F9E-8BCA-BFDAB16E394F}"
EndProject
Project("{8BC9CEB8-8B4A-11D0-8D11-00A0C91BC942}") = "练习1-7", "练习1-7\练习1-7.vcxproj", "{EEE5BC95-5FA7-416F-AAA5-62D0109FDCDE}"
EndProject
Project("{8BC9CEB8-8B4A-11D0-8D11-00A0C91BC942}") = "练习1-8", "练习1-8\练习1-8.vcxproj", "{D6B53D6E-2B0A-4543-86CB-20B5853B2595}"
EndProject
Project("{8BC9CEB8-8B4A-11D0-8D11-00A0C91BC942}") = "练习1-9", "练习1-9\练习1-9.vcxproj", "{1029D507-F401-45A1-BD43-F46D83104086}"
EndProject
Project("{8BC9CEB8-8B4A-11D0-8D11-00A0C91BC942}") = "练习2-1", "练习2-1\练习2-1.vcxproj", "{E2413D26-0343-4046-8716-70943F7FFE42}"
EndProject
Project("{8BC9CEB8-8B4A-11D0-8D11-00A0C91BC942}") = "练习2-2", "练习2-2\练习2-2.vcxproj", "{7BF49170-84D5-4ABE-95AB-3A728303EAD5}"
EndProject
Project("{8BC9CEB8-8B4A-11D0-8D11-00A0C91BC942}") = "练习2-3", "练习2-3\练习2-3.vcxproj", "{B7CDB4FC-CBB3-4C14-871C-4F103AD0E790}"
EndProject
Project("{8BC9CEB8-8B4A-11D0-8D11-00A0C91BC942}") = "练习2-4", "练习2-4\练习2-4.vcxproj", "{9228BA3C-5DFF-4C7B-BE0B-800B59FEBAF4}"
EndProject
Project("{8BC9CEB8-8B4A-11D0-8D11-00A0C91BC942}") = "练习2-5", "练习2-5\练习2-5.vcxproj", "{5A62FE07-3A4F-472F-99E8-A08EE0CB2637}"
EndProject
Project("{8BC9CEB8-8B4A-11D0-8D11-00A0C91BC942}") = "练习2-6", "练习2-6\练习2-6.vcxproj", "{3914CF26-AC53-4424-BD0E-7BDC36C616C7}"
EndProject
Project("{8BC9CEB8-8B4A-11D0-8D11-00A0C91BC942}") = "清单1-1", "清单1-1\清单1-1.vcxproj", "{71D40664-3DF7-4DE6-8F27-59C8DAEA9DFC}"
EndProject
Project("{8BC9CEB8-8B4A-11D0-8D11-00A0C91BC942}") = "清单1-2", "清单1-2\清单1-2.vcxproj", "{85F2D8A4-3FEB-463A-A3D2-7A4CFBE00DBD}"
EndProject
Project("{8BC9CEB8-8B4A-11D0-8D11-00A0C91BC942}") = "清单1-3", "清单1-3\清单1-3.vcxproj", "{1F5BF5C4-7793-4099-BF1D-08772B20E838}"
EndProject
Project("{8BC9CEB8-8B4A-11D0-8D11-00A0C91BC942}") = "清单1-4", "清单1-4\清单1-4.vcxproj", "{4A14A0AC-DCCD-4FBD-811E-5D59E93B1026}"
EndProject
Project("{8BC9CEB8-8B4A-11D0-8D11-00A0C91BC942}") = "清单1-5", "清单1-5\清单1-5.vcxproj", "{2EA44406-BA20-4B5B-A9BD-7945F7576C8A}"
EndProject
Project("{8BC9CEB8-8B4A-11D0-8D11-00A0C91BC942}") = "清单1-6", "清单1-6\清单1-6.vcxproj", "{D572D493-FDCE-4BB6-A625-C22A73D959CE}"
EndProject
Project("{8BC9CEB8-8B4A-11D0-8D11-00A0C91BC942}") = "清单1-7", "清单1-7\清单1-7.vcxproj", "{A186CCE1-7579-428B-8A00-D020F8609EF4}"
EndProject
Project("{8BC9CEB8-8B4A-11D0-8D11-00A0C91BC942}") = "清单1-8", "清单1-8\清单1-8.vcxproj", "{D0993240-F8C6-46A6-952C-C98DF7E4AB20}"
EndProject
Global
	GlobalSection(SolutionConfigurationPlatforms) = preSolution
		Debug|x64 = Debug|x64
		Debug|x86 = Debug|x86
		Release|x64 = Release|x64
		Release|x86 = Release|x86
	EndGlobalSection
	GlobalSection(ProjectConfigurationPlatforms) = postSolution
		{B075046D-FB3B-4CDE-9FF7-EEA46359B2E7}.Debug|x64.ActiveCfg = Debug|x64
		{B075046D-FB3B-4CDE-9FF7-EEA46359B2E7}.Debug|x64.Build.0 = Debug|x64
		{B075046D-FB3B-4CDE-9FF7-EEA46359B2E7}.Debug|x86.ActiveCfg = Debug|Win32
		{B075046D-FB3B-4CDE-9FF7-EEA46359B2E7}.Debug|x86.Build.0 = Debug|Win32
		{B075046D-FB3B-4CDE-9FF7-EEA46359B2E7}.Release|x64.ActiveCfg = Release|x64
		{B075046D-FB3B-4CDE-9FF7-EEA46359B2E7}.Release|x64.Build.0 = Release|x64
		{B075046D-FB3B-4CDE-9FF7-EEA46359B2E7}.Release|x86.ActiveCfg = Release|Win32
		{B075046D-FB3B-4CDE-9FF7-EEA46359B2E7}.Release|x86.Build.0 = Release|Win32
		{4A88614B-21B2-4AFC-9E5B-06A89297CBE1}.Debug|x64.ActiveCfg = Debug|x64
		{4A88614B-21B2-4AFC-9E5B-06A89297CBE1}.Debug|x64.Build.0 = Debug|x64
		{4A88614B-21B2-4AFC-9E5B-06A89297CBE1}.Debug|x86.ActiveCfg = Debug|Win32
		{4A88614B-21B2-4AFC-9E5B-06A89297CBE1}.Debug|x86.Build.0 = Debug|Win32
		{4A88614B-21B2-4AFC-9E5B-06A89297CBE1}.Release|x64.ActiveCfg = Release|x64
		{4A88614B-21B2-4AFC-9E5B-06A89297CBE1}.Release|x64.Build.0 = Release|x64
		{4A88614B-21B2-4AFC-9E5B-06A89297CBE1}.Release|x86.ActiveCfg = Release|Win32
		{4A88614B-21B2-4AFC-9E5B-06A89297CBE1}.Release|x86.Build.0 = Release|Win32
		{A191F233-BEE0-4057-B21A-BE15CAB62C23}.Debug|x64.ActiveCfg = Debug|x64
		{A191F233-BEE0-4057-B21A-BE15CAB62C23}.Debug|x64.Build.0 = Debug|x64
		{A191F233-BEE0-4057-B21A-BE15CAB62C23}.Debug|x86.ActiveCfg = Debug|Win32
		{A191F233-BEE0-4057-B21A-BE15CAB62C23}.Debug|x86.Build.0 = Debug|Win32
		{A191F233-BEE0-4057-B21A-BE15CAB62C23}.Release|x64.ActiveCfg = Release|x64
		{A191F233-BEE0-4057-B21A-BE15CAB62C23}.Release|x64.Build.0 = Release|x64
		{A191F233-BEE0-4057-B21A-BE15CAB62C23}.Release|x86.ActiveCfg = Release|Win32
		{A191F233-BEE0-4057-B21A-BE15CAB62C23}.Release|x86.Build.0 = Release|Win32
		{C28AD6E5-96A6-42B4-8B3F-90C7D78603E7}.Debug|x64.ActiveCfg = Debug|x64
		{C28AD6E5-96A6-42B4-8B3F-90C7D78603E7}.Debug|x64.Build.0 = Debug|x64
		{C28AD6E5-96A6-42B4-8B3F-90C7D78603E7}.Debug|x86.ActiveCfg = Debug|Win32
		{C28AD6E5-96A6-42B4-8B3F-90C7D78603E7}.Debug|x86.Build.0 = Debug|Win32
		{C28AD6E5-96A6-42B4-8B3F-90C7D78603E7}.Release|x64.ActiveCfg = Release|x64
		{C28AD6E5-96A6-42B4-8B3F-90C7D78603E7}.Release|x64.Build.0 = Release|x64
		{C28AD6E5-96A6-42B4-8B3F-90C7D78603E7}.Release|x86.ActiveCfg = Release|Win32
		{C28AD6E5-96A6-42B4-8B3F-90C7D78603E7}.Release|x86.Build.0 = Release|Win32
		{BC473B8D-2C5B-42C8-BD92-5C4895891F94}.Debug|x64.ActiveCfg = Debug|x64
		{BC473B8D-2C5B-42C8-BD92-5C4895891F94}.Debug|x64.Build.0 = Debug|x64
		{BC473B8D-2C5B-42C8-BD92-5C4895891F94}.Debug|x86.ActiveCfg = Debug|Win32
		{BC473B8D-2C5B-42C8-BD92-5C4895891F94}.Debug|x86.Build.0 = Debug|Win32
		{BC473B8D-2C5B-42C8-BD92-5C4895891F94}.Release|x64.ActiveCfg = Release|x64
		{BC473B8D-2C5B-42C8-BD92-5C4895891F94}.Release|x64.Build.0 = Release|x64
		{BC473B8D-2C5B-42C8-BD92-5C4895891F94}.Release|x86.ActiveCfg = Release|Win32
		{BC473B8D-2C5B-42C8-BD92-5C4895891F94}.Release|x86.Build.0 = Release|Win32
		{6FF9F0B4-21BF-4C71-9DEF-04E3A365A402}.Debug|x64.ActiveCfg = Debug|x64
		{6FF9F0B4-21BF-4C71-9DEF-04E3A365A402}.Debug|x64.Build.0 = Debug|x64
		{6FF9F0B4-21BF-4C71-9DEF-04E3A365A402}.Debug|x86.ActiveCfg = Debug|Win32
		{6FF9F0B4-21BF-4C71-9DEF-04E3A365A402}.Debug|x86.Build.0 = Debug|Win32
		{6FF9F0B4-21BF-4C71-9DEF-04E3A365A402}.Release|x64.ActiveCfg = Release|x64
		{6FF9F0B4-21BF-4C71-9DEF-04E3A365A402}.Release|x64.Build.0 = Release|x64
		{6FF9F0B4-21BF-4C71-9DEF-04E3A365A402}.Release|x86.ActiveCfg = Release|Win32
		{6FF9F0B4-21BF-4C71-9DEF-04E3A365A402}.Release|x86.Build.0 = Release|Win32
		{93F9C9A5-FD4D-471D-A8A5-9268CC7CAAB0}.Debug|x64.ActiveCfg = Debug|x64
		{93F9C9A5-FD4D-471D-A8A5-9268CC7CAAB0}.Debug|x64.Build.0 = Debug|x64
		{93F9C9A5-FD4D-471D-A8A5-9268CC7CAAB0}.Debug|x86.ActiveCfg = Debug|Win32
		{93F9C9A5-FD4D-471D-A8A5-9268CC7CAAB0}.Debug|x86.Build.0 = Debug|Win32
		{93F9C9A5-FD4D-471D-A8A5-9268CC7CAAB0}.Release|x64.ActiveCfg = Release|x64
		{93F9C9A5-FD4D-471D-A8A5-9268CC7CAAB0}.Release|x64.Build.0 = Release|x64
		{93F9C9A5-FD4D-471D-A8A5-9268CC7CAAB0}.Release|x86.ActiveCfg = Release|Win32
		{93F9C9A5-FD4D-471D-A8A5-9268CC7CAAB0}.Release|x86.Build.0 = Release|Win32
		{95A52B8D-0186-4F9E-8BCA-BFDAB16E394F}.Debug|x64.ActiveCfg = Debug|x64
		{95A52B8D-0186-4F9E-8BCA-BFDAB16E394F}.Debug|x64.Build.0 = Debug|x64
		{95A52B8D-0186-4F9E-8BCA-BFDAB16E394F}.Debug|x86.ActiveCfg = Debug|Win32
		{95A52B8D-0186-4F9E-8BCA-BFDAB16E394F}.Debug|x86.Build.0 = Debug|Win32
		{95A52B8D-0186-4F9E-8BCA-BFDAB16E394F}.Release|x64.ActiveCfg = Release|x64
		{95A52B8D-0186-4F9E-8BCA-BFDAB16E394F}.Release|x64.Build.0 = Release|x64
		{95A52B8D-0186-4F9E-8BCA-BFDAB16E394F}.Release|x86.ActiveCfg = Release|Win32
		{95A52B8D-0186-4F9E-8BCA-BFDAB16E394F}.Release|x86.Build.0 = Release|Win32
		{EEE5BC95-5FA7-416F-AAA5-62D0109FDCDE}.Debug|x64.ActiveCfg = Debug|x64
		{EEE5BC95-5FA7-416F-AAA5-62D0109FDCDE}.Debug|x64.Build.0 = Debug|x64
		{EEE5BC95-5FA7-416F-AAA5-62D0109FDCDE}.Debug|x86.ActiveCfg = Debug|Win32
		{EEE5BC95-5FA7-416F-AAA5-62D0109FDCDE}.Debug|x86.Build.0 = Debug|Win32
		{EEE5BC95-5FA7-416F-AAA5-62D0109FDCDE}.Release|x64.ActiveCfg = Release|x64
		{EEE5BC95-5FA7-416F-AAA5-62D0109FDCDE}.Release|x64.Build.0 = Release|x64
		{EEE5BC95-5FA7-416F-AAA5-62D0109FDCDE}.Release|x86.ActiveCfg = Release|Win32
		{EEE5BC95-5FA7-416F-AAA5-62D0109FDCDE}.Release|x86.Build.0 = Release|Win32
		{D6B53D6E-2B0A-4543-86CB-20B5853B2595}.Debug|x64.ActiveCfg = Debug|x64
		{D6B53D6E-2B0A-4543-86CB-20B5853B2595}.Debug|x64.Build.0 = Debug|x64
		{D6B53D6E-2B0A-4543-86CB-20B5853B2595}.Debug|x86.ActiveCfg = Debug|Win32
		{D6B53D6E-2B0A-4543-86CB-20B5853B2595}.Debug|x86.Build.0 = Debug|Win32
		{D6B53D6E-2B0A-4543-86CB-20B5853B2595}.Release|x64.ActiveCfg = Release|x64
		{D6B53D6E-2B0A-4543-86CB-20B5853B2595}.Release|x64.Build.0 = Release|x64
		{D6B53D6E-2B0A-4543-86CB-20B5853B2595}.Release|x86.ActiveCfg = Release|Win32
		{D6B53D6E-2B0A-4543-86CB-20B5853B2595}.Release|x86.Build.0 = Release|Win32
		{1029D507-F401-45A1-BD43-F46D83104086}.Debug|x64.ActiveCfg = Debug|x64
		{1029D507-F401-45A1-BD43-F46D83104086}.Debug|x64.Build.0 = Debug|x64
		{1029D507-F401-45A1-BD43-F46D83104086}.Debug|x86.ActiveCfg = Debug|Win32
		{1029D507-F401-45A1-BD43-F46D83104086}.Debug|x86.Build.0 = Debug|Win32
		{1029D507-F401-45A1-BD43-F46D83104086}.Release|x64.ActiveCfg = Release|x64
		{1029D507-F401-45A1-BD43-F46D83104086}.Release|x64.Build.0 = Release|x64
		{1029D507-F401-45A1-BD43-F46D83104086}.Release|x86.ActiveCfg = Release|Win32
		{1029D507-F401-45A1-BD43-F46D83104086}.Release|x86.Build.0 = Release|Win32
		{E2413D26-0343-4046-8716-70943F7FFE42}.Debug|x64.ActiveCfg = Debug|x64
		{E2413D26-0343-4046-8716-70943F7FFE42}.Debug|x64.Build.0 = Debug|x64
		{E2413D26-0343-4046-8716-70943F7FFE42}.Debug|x86.ActiveCfg = Debug|Win32
		{E2413D26-0343-4046-8716-70943F7FFE42}.Debug|x86.Build.0 = Debug|Win32
		{E2413D26-0343-4046-8716-70943F7FFE42}.Release|x64.ActiveCfg = Release|x64
		{E2413D26-0343-4046-8716-70943F7FFE42}.Release|x64.Build.0 = Release|x64
		{E2413D26-0343-4046-8716-70943F7FFE42}.Release|x86.ActiveCfg = Release|Win32
		{E2413D26-0343-4046-8716-70943F7FFE42}.Release|x86.Build.0 = Release|Win32
		{7BF49170-84D5-4ABE-95AB-3A728303EAD5}.Debug|x64.ActiveCfg = Debug|x64
		{7BF49170-84D5-4ABE-95AB-3A728303EAD5}.Debug|x64.Build.0 = Debug|x64
		{7BF49170-84D5-4ABE-95AB-3A728303EAD5}.Debug|x86.ActiveCfg = Debug|Win32
		{7BF49170-84D5-4ABE-95AB-3A728303EAD5}.Debug|x86.Build.0 = Debug|Win32
		{7BF49170-84D5-4ABE-95AB-3A728303EAD5}.Release|x64.ActiveCfg = Release|x64
		{7BF49170-84D5-4ABE-95AB-3A728303EAD5}.Release|x64.Build.0 = Release|x64
		{7BF49170-84D5-4ABE-95AB-3A728303EAD5}.Release|x86.ActiveCfg = Release|Win32
		{7BF49170-84D5-4ABE-95AB-3A728303EAD5}.Release|x86.Build.0 = Release|Win32
		{B7CDB4FC-CBB3-4C14-871C-4F103AD0E790}.Debug|x64.ActiveCfg = Debug|x64
		{B7CDB4FC-CBB3-4C14-871C-4F103AD0E790}.Debug|x64.Build.0 = Debug|x64
		{B7CDB4FC-CBB3-4C14-871C-4F103AD0E790}.Debug|x86.ActiveCfg = Debug|Win32
		{B7CDB4FC-CBB3-4C14-871C-4F103AD0E790}.Debug|x86.Build.0 = Debug|Win32
		{B7CDB4FC-CBB3-4C14-871C-4F103AD0E790}.Release|x64.ActiveCfg = Release|x64
		{B7CDB4FC-CBB3-4C14-871C-4F103AD0E790}.Release|x64.Build.0 = Release|x64
		{B7CDB4FC-CBB3-4C14-871C-4F103AD0E790}.Release|x86.ActiveCfg = Release|Win32
		{B7CDB4FC-CBB3-4C14-871C-4F103AD0E790}.Release|x86.Build.0 = Release|Win32
		{9228BA3C-5DFF-4C7B-BE0B-800B59FEBAF4}.Debug|x64.ActiveCfg = Debug|x64
		{9228BA3C-5DFF-4C7B-BE0B-800B59FEBAF4}.Debug|x64.Build.0 = Debug|x64
		{9228BA3C-5DFF-4C7B-BE0B-800B59FEBAF4}.Debug|x86.ActiveCfg = Debug|Win32
		{9228BA3C-5DFF-4C7B-BE0B-800B59FEBAF4}.Debug|x86.Build.0 = Debug|Win32
		{9228BA3C-5DFF-4C7B-BE0B-800B59FEBAF4}.Release|x64.ActiveCfg = Release|x64
		{9228BA3C-5DFF-4C7B-BE0B-800B59FEBAF4}.Release|x64.Build.0 = Release|x64
		{9228BA3C-5DFF-4C7B-BE0B-800B59FEBAF4}.Release|x86.ActiveCfg = Release|Win32
		{9228BA3C-5DFF-4C7B-BE0B-800B59FEBAF4}.Release|x86.Build.0 = Release|Win32
		{5A62FE07-3A4F-472F-99E8-A08EE0CB2637}.Debug|x64.ActiveCfg = Debug|x64
		{5A62FE07-3A4F-472F-99E8-A08EE0CB2637}.Debug|x64.Build.0 = Debug|x64
		{5A62FE07-3A4F-472F-99E8-A08EE0CB2637}.Debug|x86.ActiveCfg = Debug|Win32
		{5A62FE07-3A4F-472F-99E8-A08EE0CB2637}.Debug|x86.Build.0 = Debug|Win32
		{5A62FE07-3A4F-472F-99E8-A08EE0CB2637}.Release|x64.ActiveCfg = Release|x64
		{5A62FE07-3A4F-472F-99E8-A08EE0CB2637}.Release|x64.Build.0 = Release|x64
		{5A62FE07-3A4F-472F-99E8-A08EE0CB2637}.Release|x86.ActiveCfg = Release|Win32
		{5A62FE07-3A4F-472F-99E8-A08EE0CB2637}.Release|x86.Build.0 = Release|Win32
		{3914CF26-AC53-4424-BD0E-7BDC36C616C7}.Debug|x64.ActiveCfg = Debug|x64
		{3914CF26-AC53-4424-BD0E-7BDC36C616C7}.Debug|x64.Build.0 = Debug|x64
		{3914CF26-AC53-4424-BD0E-7BDC36C616C7}.Debug|x86.ActiveCfg = Debug|Win32
		{3914CF26-AC53-4424-BD0E-7BDC36C616C7}.Debug|x86.Build.0 = Debug|Win32
		{3914CF26-AC53-4424-BD0E-7BDC36C616C7}.Release|x64.ActiveCfg = Release|x64
		{3914CF26-AC53-4424-BD0E-7BDC36C616C7}.Release|x64.Build.0 = Release|x64
		{3914CF26-AC53-4424-BD0E-7BDC36C616C7}.Release|x86.ActiveCfg = Release|Win32
		{3914CF26-AC53-4424-BD0E-7BDC36C616C7}.Release|x86.Build.0 = Release|Win32
		{71D40664-3DF7-4DE6-8F27-59C8DAEA9DFC}.Debug|x64.ActiveCfg = Debug|x64
		{71D40664-3DF7-4DE6-8F27-59C8DAEA9DFC}.Debug|x64.Build.0 = Debug|x64
		{71D40664-3DF7-4DE6-8F27-59C8DAEA9DFC}.Debug|x86.ActiveCfg = Debug|Win32
		{71D40664-3DF7-4DE6-8F27-59C8DAEA9DFC}.Debug|x86.Build.0 = Debug|Win32
		{71D40664-3DF7-4DE6-8F27-59C8DAEA9DFC}.Release|x64.ActiveCfg = Release|x64
		{71D40664-3DF7-4DE6-8F27-59C8DAEA9DFC}.Release|x64.Build.0 = Release|x64
		{71D40664-3DF7-4DE6-8F27-59C8DAEA9DFC}.Release|x86.ActiveCfg = Release|Win32
		{71D40664-3DF7-4DE6-8F27-59C8DAEA9DFC}.Release|x86.Build.0 = Release|Win32
		{85F2D8A4-3FEB-463A-A3D2-7A4CFBE00DBD}.Debug|x64.ActiveCfg = Debug|x64
		{85F2D8A4-3FEB-463A-A3D2-7A4CFBE00DBD}.Debug|x64.Build.0 = Debug|x64
		{85F2D8A4-3FEB-463A-A3D2-7A4CFBE00DBD}.Debug|x86.ActiveCfg = Debug|Win32
		{85F2D8A4-3FEB-463A-A3D2-7A4CFBE00DBD}.Debug|x86.Build.0 = Debug|Win32
		{85F2D8A4-3FEB-463A-A3D2-7A4CFBE00DBD}.Release|x64.ActiveCfg = Release|x64
		{85F2D8A4-3FEB-463A-A3D2-7A4CFBE00DBD}.Release|x64.Build.0 = Release|x64
		{85F2D8A4-3FEB-463A-A3D2-7A4CFBE00DBD}.Release|x86.ActiveCfg = Release|Win32
		{85F2D8A4-3FEB-463A-A3D2-7A4CFBE00DBD}.Release|x86.Build.0 = Release|Win32
		{1F5BF5C4-7793-4099-BF1D-08772B20E838}.Debug|x64.ActiveCfg = Debug|x64
		{1F5BF5C4-7793-4099-BF1D-08772B20E838}.Debug|x64.Build.0 = Debug|x64
		{1F5BF5C4-7793-4099-BF1D-08772B20E838}.Debug|x86.ActiveCfg = Debug|Win32
		{1F5BF5C4-7793-4099-BF1D-08772B20E838}.Debug|x86.Build.0 = Debug|Win32
		{1F5BF5C4-7793-4099-BF1D-08772B20E838}.Release|x64.ActiveCfg = Release|x64
		{1F5BF5C4-7793-4099-BF1D-08772B20E838}.Release|x64.Build.0 = Release|x64
		{1F5BF5C4-7793-4099-BF1D-08772B20E838}.Release|x86.ActiveCfg = Release|Win32
		{1F5BF5C4-7793-4099-BF1D-08772B20E838}.Release|x86.Build.0 = Release|Win32
		{4A14A0AC-DCCD-4FBD-811E-5D59E93B1026}.Debug|x64.ActiveCfg = Debug|x64
		{4A14A0AC-DCCD-4FBD-811E-5D59E93B1026}.Debug|x64.Build.0 = Debug|x64
		{4A14A0AC-DCCD-4FBD-811E-5D59E93B1026}.Debug|x86.ActiveCfg = Debug|Win32
		{4A14A0AC-DCCD-4FBD-811E-5D59E93B1026}.Debug|x86.Build.0 = Debug|Win32
		{4A14A0AC-DCCD-4FBD-811E-5D59E93B1026}.Release|x64.ActiveCfg = Release|x64
		{4A14A0AC-DCCD-4FBD-811E-5D59E93B1026}.Release|x64.Build.0 = Release|x64
		{4A14A0AC-DCCD-4FBD-811E-5D59E93B1026}.Release|x86.ActiveCfg = Release|Win32
		{4A14A0AC-DCCD-4FBD-811E-5D59E93B1026}.Release|x86.Build.0 = Release|Win32
		{2EA44406-BA20-4B5B-A9BD-7945F7576C8A}.Debug|x64.ActiveCfg = Debug|x64
		{2EA44406-BA20-4B5B-A9BD-7945F7576C8A}.Debug|x64.Build.0 = Debug|x64
		{2EA44406-BA20-4B5B-A9BD-7945F7576C8A}.Debug|x86.ActiveCfg = Debug|Win32
		{2EA44406-BA20-4B5B-A9BD-7945F7576C8A}.Debug|x86.Build.0 = Debug|Win32
		{2EA44406-BA20-4B5B-A9BD-7945F7576C8A}.Release|x64.ActiveCfg = Release|x64
		{2EA44406-BA20-4B5B-A9BD-7945F7576C8A}.Release|x64.Build.0 = Release|x64
		{2EA44406-BA20-4B5B-A9BD-7945F7576C8A}.Release|x86.ActiveCfg = Release|Win32
		{2EA44406-BA20-4B5B-A9BD-7945F7576C8A}.Release|x86.Build.0 = Release|Win32
		{D572D493-FDCE-4BB6-A625-C22A73D959CE}.Debug|x64.ActiveCfg = Debug|x64
		{D572D493-FDCE-4BB6-A625-C22A73D959CE}.Debug|x64.Build.0 = Debug|x64
		{D572D493-FDCE-4BB6-A625-C22A73D959CE}.Debug|x86.ActiveCfg = Debug|Win32
		{D572D493-FDCE-4BB6-A625-C22A73D959CE}.Debug|x86.Build.0 = Debug|Win32
		{D572D493-FDCE-4BB6-A625-C22A73D959CE}.Release|x64.ActiveCfg = Release|x64
		{D572D493-FDCE-4BB6-A625-C22A73D959CE}.Release|x64.Build.0 = Release|x64
		{D572D493-FDCE-4BB6-A625-C22A73D959CE}.Release|x86.ActiveCfg = Release|Win32
		{D572D493-FDCE-4BB6-A625-C22A73D959CE}.Release|x86.Build.0 = Release|Win32
		{A186CCE1-7579-428B-8A00-D020F8609EF4}.Debug|x64.ActiveCfg = Debug|x64
		{A186CCE1-7579-428B-8A00-D020F8609EF4}.Debug|x64.Build.0 = Debug|x64
		{A186CCE1-7579-428B-8A00-D020F8609EF4}.Debug|x86.ActiveCfg = Debug|Win32
		{A186CCE1-7579-428B-8A00-D020F8609EF4}.Debug|x86.Build.0 = Debug|Win32
		{A186CCE1-7579-428B-8A00-D020F8609EF4}.Release|x64.ActiveCfg = Release|x64
		{A186CCE1-7579-428B-8A00-D020F8609EF4}.Release|x64.Build.0 = Release|x64
		{A186CCE1-7579-428B-8A00-D020F8609EF4}.Release|x86.ActiveCfg = Release|Win32
		{A186CCE1-7579-428B-8A00-D020F8609EF4}.Release|x86.Build.0 = Release|Win32
		{D0993240-F8C6-46A6-952C-C98DF7E4AB20}.Debug|x64.ActiveCfg = Debug|x64
		{D0993240-F8C6-46A6-952C-C98DF7E4AB20}.Debug|x64.Build.0 = Debug|x64
		{D0993240-F8C6-46A6-952C-C98DF7E4AB20}.Debug|x86.ActiveCfg = Debug|Win32
		{D0993240-F8C6-46A6-952C-C98DF7E4AB20}.Debug|x86.Build.0 = Debug|Win32
		{D0993240-F8C6-46A6-952C-C98DF7E4AB20}.Release|x64.ActiveCfg = Release|x64
		{D0993240-F8C6-46A6-952C-C98DF7E4AB20}.Release|x64.Build.0 = Release|x64
		{D0993240-F8C6-46A6-952C-C98DF7E4AB20}.Release|x86.ActiveCfg = Release|Win32
		{D0993240-F8C6-46A6-952C-C98DF7E4AB20}.Release|x86.Build.0 = Release|Win32
	EndGlobalSection
	GlobalSection(SolutionProperties) = preSolution
		HideSolutionNode = FALSE
	EndGlobalSection
	GlobalSection(ExtensibilityGlobals) = postSolution
		SolutionGuid = {B53B6221-D427-47CB-AACC-2D92B504CFA8}
	EndGlobalSection
EndGlobal
